
Microsoft Visual Studio Solution File, Format Version 12.00
# Visual Studio Version 17
VisualStudioVersion = 17.0.31903.59
MinimumVisualStudioVersion = 10.0.40219.1
Project("{2150E333-8FDC-42A3-9474-1A3956D46DE8}") = "src", "src", "{74BCF12D-6EAD-41AF-B590-751FAEAD6C97}"
EndProject
Project("{FAE04EC0-301F-11D3-BF4B-00C04F79EFBC}") = "Vais.Agents.Abstractions", "src\Vais.Agents.Abstractions\Vais.Agents.Abstractions.csproj", "{6CD34E4A-0E3B-4483-BECB-2595E8E209A7}"
EndProject
Project("{FAE04EC0-301F-11D3-BF4B-00C04F79EFBC}") = "Vais.Agents.Core", "src\Vais.Agents.Core\Vais.Agents.Core.csproj", "{C075A5F0-63FA-4427-8F9F-DFEB02F0F5CA}"
EndProject
Project("{FAE04EC0-301F-11D3-BF4B-00C04F79EFBC}") = "Vais.Agents.Ai.SemanticKernel", "src\Vais.Agents.Ai.SemanticKernel\Vais.Agents.Ai.SemanticKernel.csproj", "{8694136F-BC1C-42B7-A428-AEAD86B36C4D}"
EndProject
Project("{FAE04EC0-301F-11D3-BF4B-00C04F79EFBC}") = "Vais.Agents.Ai.MicrosoftAgentFramework", "src\Vais.Agents.Ai.MicrosoftAgentFramework\Vais.Agents.Ai.MicrosoftAgentFramework.csproj", "{A73D22AB-9757-4A9A-892E-534753888353}"
EndProject
Project("{2150E333-8FDC-42A3-9474-1A3956D46DE8}") = "tests", "tests", "{50B4C7D8-FC48-4932-9958-A7EEA04E8DA7}"
EndProject
Project("{FAE04EC0-301F-11D3-BF4B-00C04F79EFBC}") = "Vais.Agents.Core.Tests", "tests\Vais.Agents.Core.Tests\Vais.Agents.Core.Tests.csproj", "{E8367FD4-1A7A-4960-A547-C0E7C4EC385F}"
EndProject
Project("{FAE04EC0-301F-11D3-BF4B-00C04F79EFBC}") = "Vais.Agents.Hosting.InMemory", "src\Vais.Agents.Hosting.InMemory\Vais.Agents.Hosting.InMemory.csproj", "{9757C758-7D64-4340-8FE6-91B5EABDB6CE}"
EndProject
Project("{FAE04EC0-301F-11D3-BF4B-00C04F79EFBC}") = "Vais.Agents.Observability.OpenTelemetry", "src\Vais.Agents.Observability.OpenTelemetry\Vais.Agents.Observability.OpenTelemetry.csproj", "{736CB205-805B-4C3D-90EB-BEDE3F48F3FA}"
EndProject
Project("{FAE04EC0-301F-11D3-BF4B-00C04F79EFBC}") = "Vais.Agents.Observability.Langfuse", "src\Vais.Agents.Observability.Langfuse\Vais.Agents.Observability.Langfuse.csproj", "{65D423DC-378B-40FF-9FD8-4822664E2625}"
EndProject
Project("{FAE04EC0-301F-11D3-BF4B-00C04F79EFBC}") = "Vais.Agents.Observability.Tests", "tests\Vais.Agents.Observability.Tests\Vais.Agents.Observability.Tests.csproj", "{A60BF572-394F-4D4A-B639-74A405A8E702}"
EndProject
Project("{FAE04EC0-301F-11D3-BF4B-00C04F79EFBC}") = "Vais.Agents.ParityTests", "tests\Vais.Agents.ParityTests\Vais.Agents.ParityTests.csproj", "{D8140C12-B61E-480A-8933-004F2D766E64}"
EndProject
Project("{FAE04EC0-301F-11D3-BF4B-00C04F79EFBC}") = "Vais.Agents.Hosting.Orleans", "src\Vais.Agents.Hosting.Orleans\Vais.Agents.Hosting.Orleans.csproj", "{50A4AD8A-E512-427A-AE8B-763C74395883}"
EndProject
Project("{FAE04EC0-301F-11D3-BF4B-00C04F79EFBC}") = "Vais.Agents.Hosting.Orleans.Tests", "tests\Vais.Agents.Hosting.Orleans.Tests\Vais.Agents.Hosting.Orleans.Tests.csproj", "{3FCCE838-10AE-45F2-BB3E-304F95CD0C51}"
EndProject
Project("{FAE04EC0-301F-11D3-BF4B-00C04F79EFBC}") = "Vais.Agents.Persistence.Redis", "src\Vais.Agents.Persistence.Redis\Vais.Agents.Persistence.Redis.csproj", "{93425089-9332-4A44-AC5C-39F1319C0EB5}"
EndProject
Project("{FAE04EC0-301F-11D3-BF4B-00C04F79EFBC}") = "Vais.Agents.Persistence.Redis.Tests", "tests\Vais.Agents.Persistence.Redis.Tests\Vais.Agents.Persistence.Redis.Tests.csproj", "{D51627C7-E400-42A5-B826-ED9B82BACAEC}"
EndProject
Project("{FAE04EC0-301F-11D3-BF4B-00C04F79EFBC}") = "Vais.Agents.Persistence.Postgres", "src\Vais.Agents.Persistence.Postgres\Vais.Agents.Persistence.Postgres.csproj", "{439E29CD-3260-442D-8252-BFA145904755}"
EndProject
Project("{FAE04EC0-301F-11D3-BF4B-00C04F79EFBC}") = "Vais.Agents.Persistence.Postgres.Tests", "tests\Vais.Agents.Persistence.Postgres.Tests\Vais.Agents.Persistence.Postgres.Tests.csproj", "{304214A7-FEC0-43F8-AF9B-9829B6B08422}"
EndProject
Project("{FAE04EC0-301F-11D3-BF4B-00C04F79EFBC}") = "Vais.Agents.Persistence.VectorData", "src\Vais.Agents.Persistence.VectorData\Vais.Agents.Persistence.VectorData.csproj", "{0B1F2DD3-76D9-475C-9342-B52E49E5AA30}"
EndProject
Project("{FAE04EC0-301F-11D3-BF4B-00C04F79EFBC}") = "Vais.Agents.Persistence.VectorData.Tests", "tests\Vais.Agents.Persistence.VectorData.Tests\Vais.Agents.Persistence.VectorData.Tests.csproj", "{D7A97931-2DC0-41C0-BEA4-6A6329C6CDFD}"
EndProject
Project("{FAE04EC0-301F-11D3-BF4B-00C04F79EFBC}") = "Vais.Agents.CrossHostTests", "tests\Vais.Agents.CrossHostTests\Vais.Agents.CrossHostTests.csproj", "{9B0CF734-DA25-4860-BDC7-037012F422F2}"
EndProject
Project("{FAE04EC0-301F-11D3-BF4B-00C04F79EFBC}") = "Vais.Agents.Protocols.Mcp", "src\Vais.Agents.Protocols.Mcp\Vais.Agents.Protocols.Mcp.csproj", "{F14AC9A2-14FB-4CB8-A7AF-E3C42FDAFEFB}"
EndProject
Project("{FAE04EC0-301F-11D3-BF4B-00C04F79EFBC}") = "Vais.Agents.Protocols.Mcp.Tests", "tests\Vais.Agents.Protocols.Mcp.Tests\Vais.Agents.Protocols.Mcp.Tests.csproj", "{905E5BD8-54A6-493A-B3C6-5081310E516B}"
EndProject
Project("{FAE04EC0-301F-11D3-BF4B-00C04F79EFBC}") = "Vais.Agents.Protocols.A2A", "src\Vais.Agents.Protocols.A2A\Vais.Agents.Protocols.A2A.csproj", "{9A32B8BD-1130-469A-845D-C1AC617E589A}"
EndProject
Project("{FAE04EC0-301F-11D3-BF4B-00C04F79EFBC}") = "Vais.Agents.Protocols.A2A.Tests", "tests\Vais.Agents.Protocols.A2A.Tests\Vais.Agents.Protocols.A2A.Tests.csproj", "{FA414DA0-8420-44A3-801A-45DDDB70FC1B}"
EndProject
Project("{FAE04EC0-301F-11D3-BF4B-00C04F79EFBC}") = "Vais.Agents.Control.Abstractions", "src\Vais.Agents.Control.Abstractions\Vais.Agents.Control.Abstractions.csproj", "{7FEC003D-5C81-4E90-BF67-379E45AD3262}"
EndProject
Project("{FAE04EC0-301F-11D3-BF4B-00C04F79EFBC}") = "Vais.Agents.Control.InProcess", "src\Vais.Agents.Control.InProcess\Vais.Agents.Control.InProcess.csproj", "{CDE7983E-9ADA-4943-80E4-5117E16C2DA8}"
EndProject
Project("{FAE04EC0-301F-11D3-BF4B-00C04F79EFBC}") = "Vais.Agents.Control.Manifests.Json", "src\Vais.Agents.Control.Manifests.Json\Vais.Agents.Control.Manifests.Json.csproj", "{7231D4A0-2536-40A9-A4B3-D5DF0DCE0525}"
EndProject
Project("{FAE04EC0-301F-11D3-BF4B-00C04F79EFBC}") = "Vais.Agents.Control.Manifests.Yaml", "src\Vais.Agents.Control.Manifests.Yaml\Vais.Agents.Control.Manifests.Yaml.csproj", "{9CA3E3EA-E8AD-4C52-8155-538F7ED29D88}"
EndProject
Project("{FAE04EC0-301F-11D3-BF4B-00C04F79EFBC}") = "Vais.Agents.Control.Http.Server", "src\Vais.Agents.Control.Http.Server\Vais.Agents.Control.Http.Server.csproj", "{C663B23A-45DA-4017-998F-7680149F98A6}"
EndProject
Project("{FAE04EC0-301F-11D3-BF4B-00C04F79EFBC}") = "Vais.Agents.Control.Http.Client", "src\Vais.Agents.Control.Http.Client\Vais.Agents.Control.Http.Client.csproj", "{047CCBDA-5B6F-44F0-9976-E85FAEA94A03}"
EndProject
Project("{FAE04EC0-301F-11D3-BF4B-00C04F79EFBC}") = "Vais.Agents.Control.Http.Tests", "tests\Vais.Agents.Control.Http.Tests\Vais.Agents.Control.Http.Tests.csproj", "{D770F0F5-2FF0-4E5A-A7CD-EC49C755B1F1}"
EndProject
Project("{FAE04EC0-301F-11D3-BF4B-00C04F79EFBC}") = "Vais.Agents.Protocols.Mcp.Server", "src\Vais.Agents.Protocols.Mcp.Server\Vais.Agents.Protocols.Mcp.Server.csproj", "{7BD869FE-987A-42FC-B455-0975435FC78A}"
EndProject
Project("{FAE04EC0-301F-11D3-BF4B-00C04F79EFBC}") = "Vais.Agents.Protocols.Mcp.Server.Tests", "tests\Vais.Agents.Protocols.Mcp.Server.Tests\Vais.Agents.Protocols.Mcp.Server.Tests.csproj", "{8B82AC62-AF85-40CD-9CC8-BDA5C3553B96}"
EndProject
Project("{FAE04EC0-301F-11D3-BF4B-00C04F79EFBC}") = "Vais.Agents.Protocols.A2A.Server", "src\Vais.Agents.Protocols.A2A.Server\Vais.Agents.Protocols.A2A.Server.csproj", "{C3D84F50-B42D-4BFB-8F6B-277424B75173}"
EndProject
Project("{FAE04EC0-301F-11D3-BF4B-00C04F79EFBC}") = "Vais.Agents.Protocols.A2A.Server.Tests", "tests\Vais.Agents.Protocols.A2A.Server.Tests\Vais.Agents.Protocols.A2A.Server.Tests.csproj", "{3417B1D4-CD19-4101-973A-802D7A81E1AE}"
EndProject
Project("{FAE04EC0-301F-11D3-BF4B-00C04F79EFBC}") = "Vais.Agents.Orchestration.Graph.MicrosoftAgentFramework", "src\Vais.Agents.Orchestration.Graph.MicrosoftAgentFramework\Vais.Agents.Orchestration.Graph.MicrosoftAgentFramework.csproj", "{0F86DE3F-7CDB-49FE-9016-07C39E621ABC}"
EndProject
Project("{FAE04EC0-301F-11D3-BF4B-00C04F79EFBC}") = "Vais.Agents.Orchestration.Graph.MicrosoftAgentFramework.Tests", "tests\Vais.Agents.Orchestration.Graph.MicrosoftAgentFramework.Tests\Vais.Agents.Orchestration.Graph.MicrosoftAgentFramework.Tests.csproj", "{E88A6588-24FD-4836-A84C-2682D00FD5E2}"
EndProject
Project("{FAE04EC0-301F-11D3-BF4B-00C04F79EFBC}") = "Vais.Agents.Control.KubernetesOperator", "src\Vais.Agents.Control.KubernetesOperator\Vais.Agents.Control.KubernetesOperator.csproj", "{3E928784-BECD-4F9F-BDB4-87AD675FB1D8}"
EndProject
Project("{FAE04EC0-301F-11D3-BF4B-00C04F79EFBC}") = "Vais.Agents.Control.KubernetesOperator.Tests", "tests\Vais.Agents.Control.KubernetesOperator.Tests\Vais.Agents.Control.KubernetesOperator.Tests.csproj", "{F803256B-0CAF-46B8-895B-3A2064F1E8D2}"
EndProject
Project("{FAE04EC0-301F-11D3-BF4B-00C04F79EFBC}") = "Vais.Agents.Control.KubernetesOperator.Host", "src\Vais.Agents.Control.KubernetesOperator.Host\Vais.Agents.Control.KubernetesOperator.Host.csproj", "{602B39A9-F80A-4B8B-ABD0-1B40DDC4EC86}"
EndProject
Project("{FAE04EC0-301F-11D3-BF4B-00C04F79EFBC}") = "Vais.Agents.Control.Policy.Opa", "src\Vais.Agents.Control.Policy.Opa\Vais.Agents.Control.Policy.Opa.csproj", "{E4A4FE3B-4B79-4FD3-AABB-87CEB917E437}"
EndProject
Project("{FAE04EC0-301F-11D3-BF4B-00C04F79EFBC}") = "Vais.Agents.Control.Policy.Opa.Tests", "tests\Vais.Agents.Control.Policy.Opa.Tests\Vais.Agents.Control.Policy.Opa.Tests.csproj", "{879E1505-F1AB-4D91-A5B7-F1A609EBF81A}"
EndProject
Project("{FAE04EC0-301F-11D3-BF4B-00C04F79EFBC}") = "Vais.Agents.Control.Policy.Opa.IntegrationTests", "tests\Vais.Agents.Control.Policy.Opa.IntegrationTests\Vais.Agents.Control.Policy.Opa.IntegrationTests.csproj", "{DE3B61CF-84EC-4021-B8D7-1A487432270F}"
EndProject
Project("{FAE04EC0-301F-11D3-BF4B-00C04F79EFBC}") = "Vais.Agents.Cli", "src\Vais.Agents.Cli\Vais.Agents.Cli.csproj", "{81CB269C-B8C1-4A95-807A-9D2DE60E74C4}"
EndProject
Project("{FAE04EC0-301F-11D3-BF4B-00C04F79EFBC}") = "Vais.Agents.Cli.Tests", "tests\Vais.Agents.Cli.Tests\Vais.Agents.Cli.Tests.csproj", "{1ACC861E-0BF6-401F-BE7E-4900219EB44D}"
EndProject
Project("{FAE04EC0-301F-11D3-BF4B-00C04F79EFBC}") = "Vais.Agents.Runtime.Host", "src\Vais.Agents.Runtime.Host\Vais.Agents.Runtime.Host.csproj", "{2EC7ECA0-7EE9-44AC-8064-507034A69E4C}"
EndProject
Project("{FAE04EC0-301F-11D3-BF4B-00C04F79EFBC}") = "Vais.Agents.Runtime.Host.Tests", "tests\Vais.Agents.Runtime.Host.Tests\Vais.Agents.Runtime.Host.Tests.csproj", "{BD08F94D-FE98-4919-BED6-DDC813A02AF4}"
EndProject
Project("{FAE04EC0-301F-11D3-BF4B-00C04F79EFBC}") = "Vais.Agents.Runtime.Instantiation", "src\Vais.Agents.Runtime.Instantiation\Vais.Agents.Runtime.Instantiation.csproj", "{8B73C410-EE20-45F0-9CAD-114AD3C2F262}"
EndProject
Project("{FAE04EC0-301F-11D3-BF4B-00C04F79EFBC}") = "Vais.Agents.Runtime.Instantiation.Tests", "tests\Vais.Agents.Runtime.Instantiation.Tests\Vais.Agents.Runtime.Instantiation.Tests.csproj", "{12C50155-5393-4AD9-AA9B-1ED8102AB64C}"
EndProject
Project("{FAE04EC0-301F-11D3-BF4B-00C04F79EFBC}") = "Vais.Agents.Runtime.Plugins", "src\Vais.Agents.Runtime.Plugins\Vais.Agents.Runtime.Plugins.csproj", "{4B7DD451-9B7B-412F-B46A-3ADE4D017445}"
EndProject
Project("{FAE04EC0-301F-11D3-BF4B-00C04F79EFBC}") = "Vais.Agents.Runtime.Plugins.Tests", "tests\Vais.Agents.Runtime.Plugins.Tests\Vais.Agents.Runtime.Plugins.Tests.csproj", "{A8712CA6-53A5-4C71-903B-CAFE7A2F0E1A}"
EndProject
Project("{FAE04EC0-301F-11D3-BF4B-00C04F79EFBC}") = "Vais.Agents.Runtime.Plugins.Python", "src\Vais.Agents.Runtime.Plugins.Python\Vais.Agents.Runtime.Plugins.Python.csproj", "{FEBE9753-E7E5-4E2A-A672-DF7842380BDA}"
EndProject
Project("{FAE04EC0-301F-11D3-BF4B-00C04F79EFBC}") = "Vais.Agents.Runtime.Plugins.Python.Tests", "tests\Vais.Agents.Runtime.Plugins.Python.Tests\Vais.Agents.Runtime.Plugins.Python.Tests.csproj", "{7CD3933B-B775-4C39-A6C7-6F4B6A648CB8}"
EndProject
Project("{FAE04EC0-301F-11D3-BF4B-00C04F79EFBC}") = "Vais.Agents.Runtime.Host.PluginFixture", "tests\Vais.Agents.Runtime.Host.PluginFixture\Vais.Agents.Runtime.Host.PluginFixture.csproj", "{90931024-EE36-4242-B7A6-425C2D6CA705}"
EndProject
Project("{FAE04EC0-301F-11D3-BF4B-00C04F79EFBC}") = "Vais.Agents.Identity.Oidc", "src\Vais.Agents.Identity.Oidc\Vais.Agents.Identity.Oidc.csproj", "{6A9CBBD5-7117-4FBA-A60C-CA5C37750847}"
EndProject
Project("{FAE04EC0-301F-11D3-BF4B-00C04F79EFBC}") = "Vais.Agents.Identity.Oidc.Tests", "tests\Vais.Agents.Identity.Oidc.Tests\Vais.Agents.Identity.Oidc.Tests.csproj", "{C2C0036D-7674-4309-A2A2-373688C71939}"
EndProject
Project("{FAE04EC0-301F-11D3-BF4B-00C04F79EFBC}") = "Vais.Agents.Gateways.Testing", "src\Vais.Agents.Gateways.Testing\Vais.Agents.Gateways.Testing.csproj", "{EFB86F30-8F18-44F7-824D-895D87A191E1}"
EndProject
Project("{FAE04EC0-301F-11D3-BF4B-00C04F79EFBC}") = "Vais.Agents.Gateways.Testing.Tests", "tests\Vais.Agents.Gateways.Testing.Tests\Vais.Agents.Gateways.Testing.Tests.csproj", "{E25768DA-DEC4-49AE-A0F0-25F2CC0EECCB}"
EndProject
Project("{FAE04EC0-301F-11D3-BF4B-00C04F79EFBC}") = "Vais.Agents.Gateways.StructuredOutput", "src\Vais.Agents.Gateways.StructuredOutput\Vais.Agents.Gateways.StructuredOutput.csproj", "{86E90DC6-69B8-4903-A129-64F217DF5BC3}"
EndProject
Project("{FAE04EC0-301F-11D3-BF4B-00C04F79EFBC}") = "Vais.Agents.Gateways.StructuredOutput.Tests", "tests\Vais.Agents.Gateways.StructuredOutput.Tests\Vais.Agents.Gateways.StructuredOutput.Tests.csproj", "{76C5EEC3-F93A-41E7-B029-792726E77E26}"
EndProject
Project("{FAE04EC0-301F-11D3-BF4B-00C04F79EFBC}") = "Vais.Agents.Gateways.SemanticCache", "src\Vais.Agents.Gateways.SemanticCache\Vais.Agents.Gateways.SemanticCache.csproj", "{21CC270E-1F44-4C97-B43A-7341CDEDFE84}"
EndProject
Project("{FAE04EC0-301F-11D3-BF4B-00C04F79EFBC}") = "Vais.Agents.Gateways.SemanticCache.Tests", "tests\Vais.Agents.Gateways.SemanticCache.Tests\Vais.Agents.Gateways.SemanticCache.Tests.csproj", "{C1E70223-C3BB-4418-9FA7-1B0B19965E64}"
EndProject
Project("{FAE04EC0-301F-11D3-BF4B-00C04F79EFBC}") = "Vais.Agents.Gateways.Governance", "src\Vais.Agents.Gateways.Governance\Vais.Agents.Gateways.Governance.csproj", "{1890EE3E-E468-4DDE-95E3-EA731542D2AA}"
EndProject
Project("{FAE04EC0-301F-11D3-BF4B-00C04F79EFBC}") = "Vais.Agents.Gateways.Governance.Tests", "tests\Vais.Agents.Gateways.Governance.Tests\Vais.Agents.Gateways.Governance.Tests.csproj", "{70C7BC00-55D5-4F4D-9D50-C4E7B8E66CA5}"
EndProject
Project("{FAE04EC0-301F-11D3-BF4B-00C04F79EFBC}") = "Vais.Agents.Gateways.Fallback", "src\Vais.Agents.Gateways.Fallback\Vais.Agents.Gateways.Fallback.csproj", "{D78AA6B3-FD40-41C5-BDC4-EC81805EB624}"
EndProject
Project("{FAE04EC0-301F-11D3-BF4B-00C04F79EFBC}") = "Vais.Agents.Gateways.Fallback.Tests", "tests\Vais.Agents.Gateways.Fallback.Tests\Vais.Agents.Gateways.Fallback.Tests.csproj", "{FEF247DC-693E-4517-AD74-485C9677822C}"
EndProject
Project("{FAE04EC0-301F-11D3-BF4B-00C04F79EFBC}") = "Vais.Agents.Gateways.OpenAiCompat", "src\Vais.Agents.Gateways.OpenAiCompat\Vais.Agents.Gateways.OpenAiCompat.csproj", "{84D5EF0B-CCC4-4A39-BE8A-DCB971914E3F}"
EndProject
Project("{FAE04EC0-301F-11D3-BF4B-00C04F79EFBC}") = "Vais.Agents.Gateways.OpenAiCompat.Tests", "tests\Vais.Agents.Gateways.OpenAiCompat.Tests\Vais.Agents.Gateways.OpenAiCompat.Tests.csproj", "{8BB55CBA-CDA1-4B88-9DBB-92F91324CD8E}"
EndProject
Project("{FAE04EC0-301F-11D3-BF4B-00C04F79EFBC}") = "Vais.Agents.Gateways.Prometheus", "src\Vais.Agents.Gateways.Prometheus\Vais.Agents.Gateways.Prometheus.csproj", "{9EB18147-EE7A-41FB-ADF4-F714E786AAC5}"
EndProject
Project("{FAE04EC0-301F-11D3-BF4B-00C04F79EFBC}") = "Vais.Agents.Gateways.Prometheus.Tests", "tests\Vais.Agents.Gateways.Prometheus.Tests\Vais.Agents.Gateways.Prometheus.Tests.csproj", "{5C4E9E49-8178-4CEE-B467-97D2E578C7B2}"
EndProject
Project("{FAE04EC0-301F-11D3-BF4B-00C04F79EFBC}") = "Vais.Agents.Gateways.McpReliability", "src\Vais.Agents.Gateways.McpReliability\Vais.Agents.Gateways.McpReliability.csproj", "{8A4480F9-D232-4324-9B91-C030EAD72326}"
EndProject
Project("{FAE04EC0-301F-11D3-BF4B-00C04F79EFBC}") = "Vais.Agents.Gateways.McpCache", "src\Vais.Agents.Gateways.McpCache\Vais.Agents.Gateways.McpCache.csproj", "{1E3BD4BE-F05C-451D-8D00-2909EBF1CABF}"
EndProject
Project("{FAE04EC0-301F-11D3-BF4B-00C04F79EFBC}") = "Vais.Agents.Gateways.McpGovernance", "src\Vais.Agents.Gateways.McpGovernance\Vais.Agents.Gateways.McpGovernance.csproj", "{12E9D507-6DDF-4786-A0A8-B3AACDBEF6BB}"
EndProject
Project("{FAE04EC0-301F-11D3-BF4B-00C04F79EFBC}") = "Vais.Agents.Gateways.McpSecurity", "src\Vais.Agents.Gateways.McpSecurity\Vais.Agents.Gateways.McpSecurity.csproj", "{49DB7682-AF5C-4884-94C0-3A54284A250E}"
EndProject
Project("{FAE04EC0-301F-11D3-BF4B-00C04F79EFBC}") = "Vais.Agents.Gateways.McpTransformation", "src\Vais.Agents.Gateways.McpTransformation\Vais.Agents.Gateways.McpTransformation.csproj", "{7EC604FF-5B83-41CC-B3BB-1ADF4C2D13D5}"
EndProject
Project("{FAE04EC0-301F-11D3-BF4B-00C04F79EFBC}") = "Vais.Agents.Gateways.McpReliability.Tests", "tests\Vais.Agents.Gateways.McpReliability.Tests\Vais.Agents.Gateways.McpReliability.Tests.csproj", "{C232AB67-D4A4-4AD7-BB2B-1F40BFCFFE10}"
EndProject
Project("{FAE04EC0-301F-11D3-BF4B-00C04F79EFBC}") = "Vais.Agents.Gateways.McpCache.Tests", "tests\Vais.Agents.Gateways.McpCache.Tests\Vais.Agents.Gateways.McpCache.Tests.csproj", "{EA8B5763-E474-46FC-B88B-5333D8F32B7C}"
EndProject
Project("{FAE04EC0-301F-11D3-BF4B-00C04F79EFBC}") = "Vais.Agents.Gateways.McpGovernance.Tests", "tests\Vais.Agents.Gateways.McpGovernance.Tests\Vais.Agents.Gateways.McpGovernance.Tests.csproj", "{3014EC65-03E6-4DC4-9835-CB895EB38159}"
EndProject
Project("{FAE04EC0-301F-11D3-BF4B-00C04F79EFBC}") = "Vais.Agents.Gateways.McpSecurity.Tests", "tests\Vais.Agents.Gateways.McpSecurity.Tests\Vais.Agents.Gateways.McpSecurity.Tests.csproj", "{9523F129-840A-445B-9A3A-DD1B2F2946F6}"
EndProject
Project("{FAE04EC0-301F-11D3-BF4B-00C04F79EFBC}") = "Vais.Agents.Gateways.McpTransformation.Tests", "tests\Vais.Agents.Gateways.McpTransformation.Tests\Vais.Agents.Gateways.McpTransformation.Tests.csproj", "{9BC95346-0CF7-43C3-A474-F3B6BE060014}"
EndProject
Project("{FAE04EC0-301F-11D3-BF4B-00C04F79EFBC}") = "Vais.Agents.Observability.RunStore", "src\Vais.Agents.Observability.RunStore\Vais.Agents.Observability.RunStore.csproj", "{ACD8C19C-A14C-4F5A-A854-817565719F4A}"
EndProject
Project("{FAE04EC0-301F-11D3-BF4B-00C04F79EFBC}") = "Vais.Agents.Observability.RunStore.Tests", "tests\Vais.Agents.Observability.RunStore.Tests\Vais.Agents.Observability.RunStore.Tests.csproj", "{62809FF5-9580-4ED8-A3F4-E5D84C4CF029}"
EndProject
Project("{FAE04EC0-301F-11D3-BF4B-00C04F79EFBC}") = "Vais.Agents.Core.PowerFx", "src\Vais.Agents.Core.PowerFx\Vais.Agents.Core.PowerFx.csproj", "{0F56679D-9A92-40C1-8F20-B782793CE094}"
EndProject
Project("{FAE04EC0-301F-11D3-BF4B-00C04F79EFBC}") = "Vais.Agents.Core.PowerFx.Tests", "tests\Vais.Agents.Core.PowerFx.Tests\Vais.Agents.Core.PowerFx.Tests.csproj", "{D594D543-0E12-488E-95AD-B7FC78B0315D}"
EndProject
Project("{FAE04EC0-301F-11D3-BF4B-00C04F79EFBC}") = "Vais.Agents.Observability.AgentRunStore", "src\Vais.Agents.Observability.AgentRunStore\Vais.Agents.Observability.AgentRunStore.csproj", "{B6C9F764-96E9-4D97-89C3-001D7929FD0F}"
EndProject
Project("{FAE04EC0-301F-11D3-BF4B-00C04F79EFBC}") = "Vais.Agents.Observability.GatewayEventStore", "src\Vais.Agents.Observability.GatewayEventStore\Vais.Agents.Observability.GatewayEventStore.csproj", "{CD721A7D-1FF1-412F-B1FF-5F854DF37A36}"
EndProject
Project("{FAE04EC0-301F-11D3-BF4B-00C04F79EFBC}") = "Vais.Agents.Observability.McpEventStore", "src\Vais.Agents.Observability.McpEventStore\Vais.Agents.Observability.McpEventStore.csproj", "{05F7CCAF-C050-4D7A-967B-AAB6A1A406B4}"
EndProject
Global
	GlobalSection(SolutionConfigurationPlatforms) = preSolution
		Debug|Any CPU = Debug|Any CPU
		Release|Any CPU = Release|Any CPU
	EndGlobalSection
	GlobalSection(SolutionProperties) = preSolution
		HideSolutionNode = FALSE
	EndGlobalSection
	GlobalSection(ProjectConfigurationPlatforms) = postSolution
		{6CD34E4A-0E3B-4483-BECB-2595E8E209A7}.Debug|Any CPU.ActiveCfg = Debug|Any CPU
		{6CD34E4A-0E3B-4483-BECB-2595E8E209A7}.Debug|Any CPU.Build.0 = Debug|Any CPU
		{6CD34E4A-0E3B-4483-BECB-2595E8E209A7}.Release|Any CPU.ActiveCfg = Release|Any CPU
		{6CD34E4A-0E3B-4483-BECB-2595E8E209A7}.Release|Any CPU.Build.0 = Release|Any CPU
		{C075A5F0-63FA-4427-8F9F-DFEB02F0F5CA}.Debug|Any CPU.ActiveCfg = Debug|Any CPU
		{C075A5F0-63FA-4427-8F9F-DFEB02F0F5CA}.Debug|Any CPU.Build.0 = Debug|Any CPU
		{C075A5F0-63FA-4427-8F9F-DFEB02F0F5CA}.Release|Any CPU.ActiveCfg = Release|Any CPU
		{C075A5F0-63FA-4427-8F9F-DFEB02F0F5CA}.Release|Any CPU.Build.0 = Release|Any CPU
		{8694136F-BC1C-42B7-A428-AEAD86B36C4D}.Debug|Any CPU.ActiveCfg = Debug|Any CPU
		{8694136F-BC1C-42B7-A428-AEAD86B36C4D}.Debug|Any CPU.Build.0 = Debug|Any CPU
		{8694136F-BC1C-42B7-A428-AEAD86B36C4D}.Release|Any CPU.ActiveCfg = Release|Any CPU
		{8694136F-BC1C-42B7-A428-AEAD86B36C4D}.Release|Any CPU.Build.0 = Release|Any CPU
		{A73D22AB-9757-4A9A-892E-534753888353}.Debug|Any CPU.ActiveCfg = Debug|Any CPU
		{A73D22AB-9757-4A9A-892E-534753888353}.Debug|Any CPU.Build.0 = Debug|Any CPU
		{A73D22AB-9757-4A9A-892E-534753888353}.Release|Any CPU.ActiveCfg = Release|Any CPU
		{A73D22AB-9757-4A9A-892E-534753888353}.Release|Any CPU.Build.0 = Release|Any CPU
		{E8367FD4-1A7A-4960-A547-C0E7C4EC385F}.Debug|Any CPU.ActiveCfg = Debug|Any CPU
		{E8367FD4-1A7A-4960-A547-C0E7C4EC385F}.Debug|Any CPU.Build.0 = Debug|Any CPU
		{E8367FD4-1A7A-4960-A547-C0E7C4EC385F}.Release|Any CPU.ActiveCfg = Release|Any CPU
		{E8367FD4-1A7A-4960-A547-C0E7C4EC385F}.Release|Any CPU.Build.0 = Release|Any CPU
		{9757C758-7D64-4340-8FE6-91B5EABDB6CE}.Debug|Any CPU.ActiveCfg = Debug|Any CPU
		{9757C758-7D64-4340-8FE6-91B5EABDB6CE}.Debug|Any CPU.Build.0 = Debug|Any CPU
		{9757C758-7D64-4340-8FE6-91B5EABDB6CE}.Release|Any CPU.ActiveCfg = Release|Any CPU
		{9757C758-7D64-4340-8FE6-91B5EABDB6CE}.Release|Any CPU.Build.0 = Release|Any CPU
		{736CB205-805B-4C3D-90EB-BEDE3F48F3FA}.Debug|Any CPU.ActiveCfg = Debug|Any CPU
		{736CB205-805B-4C3D-90EB-BEDE3F48F3FA}.Debug|Any CPU.Build.0 = Debug|Any CPU
		{736CB205-805B-4C3D-90EB-BEDE3F48F3FA}.Release|Any CPU.ActiveCfg = Release|Any CPU
		{736CB205-805B-4C3D-90EB-BEDE3F48F3FA}.Release|Any CPU.Build.0 = Release|Any CPU
		{65D423DC-378B-40FF-9FD8-4822664E2625}.Debug|Any CPU.ActiveCfg = Debug|Any CPU
		{65D423DC-378B-40FF-9FD8-4822664E2625}.Debug|Any CPU.Build.0 = Debug|Any CPU
		{65D423DC-378B-40FF-9FD8-4822664E2625}.Release|Any CPU.ActiveCfg = Release|Any CPU
		{65D423DC-378B-40FF-9FD8-4822664E2625}.Release|Any CPU.Build.0 = Release|Any CPU
		{A60BF572-394F-4D4A-B639-74A405A8E702}.Debug|Any CPU.ActiveCfg = Debug|Any CPU
		{A60BF572-394F-4D4A-B639-74A405A8E702}.Debug|Any CPU.Build.0 = Debug|Any CPU
		{A60BF572-394F-4D4A-B639-74A405A8E702}.Release|Any CPU.ActiveCfg = Release|Any CPU
		{A60BF572-394F-4D4A-B639-74A405A8E702}.Release|Any CPU.Build.0 = Release|Any CPU
		{D8140C12-B61E-480A-8933-004F2D766E64}.Debug|Any CPU.ActiveCfg = Debug|Any CPU
		{D8140C12-B61E-480A-8933-004F2D766E64}.Debug|Any CPU.Build.0 = Debug|Any CPU
		{D8140C12-B61E-480A-8933-004F2D766E64}.Release|Any CPU.ActiveCfg = Release|Any CPU
		{D8140C12-B61E-480A-8933-004F2D766E64}.Release|Any CPU.Build.0 = Release|Any CPU
		{50A4AD8A-E512-427A-AE8B-763C74395883}.Debug|Any CPU.ActiveCfg = Debug|Any CPU
		{50A4AD8A-E512-427A-AE8B-763C74395883}.Debug|Any CPU.Build.0 = Debug|Any CPU
		{50A4AD8A-E512-427A-AE8B-763C74395883}.Release|Any CPU.ActiveCfg = Release|Any CPU
		{50A4AD8A-E512-427A-AE8B-763C74395883}.Release|Any CPU.Build.0 = Release|Any CPU
		{3FCCE838-10AE-45F2-BB3E-304F95CD0C51}.Debug|Any CPU.ActiveCfg = Debug|Any CPU
		{3FCCE838-10AE-45F2-BB3E-304F95CD0C51}.Debug|Any CPU.Build.0 = Debug|Any CPU
		{3FCCE838-10AE-45F2-BB3E-304F95CD0C51}.Release|Any CPU.ActiveCfg = Release|Any CPU
		{3FCCE838-10AE-45F2-BB3E-304F95CD0C51}.Release|Any CPU.Build.0 = Release|Any CPU
		{93425089-9332-4A44-AC5C-39F1319C0EB5}.Debug|Any CPU.ActiveCfg = Debug|Any CPU
		{93425089-9332-4A44-AC5C-39F1319C0EB5}.Debug|Any CPU.Build.0 = Debug|Any CPU
		{93425089-9332-4A44-AC5C-39F1319C0EB5}.Release|Any CPU.ActiveCfg = Release|Any CPU
		{93425089-9332-4A44-AC5C-39F1319C0EB5}.Release|Any CPU.Build.0 = Release|Any CPU
		{D51627C7-E400-42A5-B826-ED9B82BACAEC}.Debug|Any CPU.ActiveCfg = Debug|Any CPU
		{D51627C7-E400-42A5-B826-ED9B82BACAEC}.Debug|Any CPU.Build.0 = Debug|Any CPU
		{D51627C7-E400-42A5-B826-ED9B82BACAEC}.Release|Any CPU.ActiveCfg = Release|Any CPU
		{D51627C7-E400-42A5-B826-ED9B82BACAEC}.Release|Any CPU.Build.0 = Release|Any CPU
		{439E29CD-3260-442D-8252-BFA145904755}.Debug|Any CPU.ActiveCfg = Debug|Any CPU
		{439E29CD-3260-442D-8252-BFA145904755}.Debug|Any CPU.Build.0 = Debug|Any CPU
		{439E29CD-3260-442D-8252-BFA145904755}.Release|Any CPU.ActiveCfg = Release|Any CPU
		{439E29CD-3260-442D-8252-BFA145904755}.Release|Any CPU.Build.0 = Release|Any CPU
		{304214A7-FEC0-43F8-AF9B-9829B6B08422}.Debug|Any CPU.ActiveCfg = Debug|Any CPU
		{304214A7-FEC0-43F8-AF9B-9829B6B08422}.Debug|Any CPU.Build.0 = Debug|Any CPU
		{304214A7-FEC0-43F8-AF9B-9829B6B08422}.Release|Any CPU.ActiveCfg = Release|Any CPU
		{304214A7-FEC0-43F8-AF9B-9829B6B08422}.Release|Any CPU.Build.0 = Release|Any CPU
		{0B1F2DD3-76D9-475C-9342-B52E49E5AA30}.Debug|Any CPU.ActiveCfg = Debug|Any CPU
		{0B1F2DD3-76D9-475C-9342-B52E49E5AA30}.Debug|Any CPU.Build.0 = Debug|Any CPU
		{0B1F2DD3-76D9-475C-9342-B52E49E5AA30}.Release|Any CPU.ActiveCfg = Release|Any CPU
		{0B1F2DD3-76D9-475C-9342-B52E49E5AA30}.Release|Any CPU.Build.0 = Release|Any CPU
		{D7A97931-2DC0-41C0-BEA4-6A6329C6CDFD}.Debug|Any CPU.ActiveCfg = Debug|Any CPU
		{D7A97931-2DC0-41C0-BEA4-6A6329C6CDFD}.Debug|Any CPU.Build.0 = Debug|Any CPU
		{D7A97931-2DC0-41C0-BEA4-6A6329C6CDFD}.Release|Any CPU.ActiveCfg = Release|Any CPU
		{D7A97931-2DC0-41C0-BEA4-6A6329C6CDFD}.Release|Any CPU.Build.0 = Release|Any CPU
		{9B0CF734-DA25-4860-BDC7-037012F422F2}.Debug|Any CPU.ActiveCfg = Debug|Any CPU
		{9B0CF734-DA25-4860-BDC7-037012F422F2}.Debug|Any CPU.Build.0 = Debug|Any CPU
		{9B0CF734-DA25-4860-BDC7-037012F422F2}.Release|Any CPU.ActiveCfg = Release|Any CPU
		{9B0CF734-DA25-4860-BDC7-037012F422F2}.Release|Any CPU.Build.0 = Release|Any CPU
		{F14AC9A2-14FB-4CB8-A7AF-E3C42FDAFEFB}.Debug|Any CPU.ActiveCfg = Debug|Any CPU
		{F14AC9A2-14FB-4CB8-A7AF-E3C42FDAFEFB}.Debug|Any CPU.Build.0 = Debug|Any CPU
		{F14AC9A2-14FB-4CB8-A7AF-E3C42FDAFEFB}.Release|Any CPU.ActiveCfg = Release|Any CPU
		{F14AC9A2-14FB-4CB8-A7AF-E3C42FDAFEFB}.Release|Any CPU.Build.0 = Release|Any CPU
		{905E5BD8-54A6-493A-B3C6-5081310E516B}.Debug|Any CPU.ActiveCfg = Debug|Any CPU
		{905E5BD8-54A6-493A-B3C6-5081310E516B}.Debug|Any CPU.Build.0 = Debug|Any CPU
		{905E5BD8-54A6-493A-B3C6-5081310E516B}.Release|Any CPU.ActiveCfg = Release|Any CPU
		{905E5BD8-54A6-493A-B3C6-5081310E516B}.Release|Any CPU.Build.0 = Release|Any CPU
		{9A32B8BD-1130-469A-845D-C1AC617E589A}.Debug|Any CPU.ActiveCfg = Debug|Any CPU
		{9A32B8BD-1130-469A-845D-C1AC617E589A}.Debug|Any CPU.Build.0 = Debug|Any CPU
		{9A32B8BD-1130-469A-845D-C1AC617E589A}.Release|Any CPU.ActiveCfg = Release|Any CPU
		{9A32B8BD-1130-469A-845D-C1AC617E589A}.Release|Any CPU.Build.0 = Release|Any CPU
		{FA414DA0-8420-44A3-801A-45DDDB70FC1B}.Debug|Any CPU.ActiveCfg = Debug|Any CPU
		{FA414DA0-8420-44A3-801A-45DDDB70FC1B}.Debug|Any CPU.Build.0 = Debug|Any CPU
		{FA414DA0-8420-44A3-801A-45DDDB70FC1B}.Release|Any CPU.ActiveCfg = Release|Any CPU
		{FA414DA0-8420-44A3-801A-45DDDB70FC1B}.Release|Any CPU.Build.0 = Release|Any CPU
		{7FEC003D-5C81-4E90-BF67-379E45AD3262}.Debug|Any CPU.ActiveCfg = Debug|Any CPU
		{7FEC003D-5C81-4E90-BF67-379E45AD3262}.Debug|Any CPU.Build.0 = Debug|Any CPU
		{7FEC003D-5C81-4E90-BF67-379E45AD3262}.Release|Any CPU.ActiveCfg = Release|Any CPU
		{7FEC003D-5C81-4E90-BF67-379E45AD3262}.Release|Any CPU.Build.0 = Release|Any CPU
		{CDE7983E-9ADA-4943-80E4-5117E16C2DA8}.Debug|Any CPU.ActiveCfg = Debug|Any CPU
		{CDE7983E-9ADA-4943-80E4-5117E16C2DA8}.Debug|Any CPU.Build.0 = Debug|Any CPU
		{CDE7983E-9ADA-4943-80E4-5117E16C2DA8}.Release|Any CPU.ActiveCfg = Release|Any CPU
		{CDE7983E-9ADA-4943-80E4-5117E16C2DA8}.Release|Any CPU.Build.0 = Release|Any CPU
		{7231D4A0-2536-40A9-A4B3-D5DF0DCE0525}.Debug|Any CPU.ActiveCfg = Debug|Any CPU
		{7231D4A0-2536-40A9-A4B3-D5DF0DCE0525}.Debug|Any CPU.Build.0 = Debug|Any CPU
		{7231D4A0-2536-40A9-A4B3-D5DF0DCE0525}.Release|Any CPU.ActiveCfg = Release|Any CPU
		{7231D4A0-2536-40A9-A4B3-D5DF0DCE0525}.Release|Any CPU.Build.0 = Release|Any CPU
		{9CA3E3EA-E8AD-4C52-8155-538F7ED29D88}.Debug|Any CPU.ActiveCfg = Debug|Any CPU
		{9CA3E3EA-E8AD-4C52-8155-538F7ED29D88}.Debug|Any CPU.Build.0 = Debug|Any CPU
		{9CA3E3EA-E8AD-4C52-8155-538F7ED29D88}.Release|Any CPU.ActiveCfg = Release|Any CPU
		{9CA3E3EA-E8AD-4C52-8155-538F7ED29D88}.Release|Any CPU.Build.0 = Release|Any CPU
		{C663B23A-45DA-4017-998F-7680149F98A6}.Debug|Any CPU.ActiveCfg = Debug|Any CPU
		{C663B23A-45DA-4017-998F-7680149F98A6}.Debug|Any CPU.Build.0 = Debug|Any CPU
		{C663B23A-45DA-4017-998F-7680149F98A6}.Release|Any CPU.ActiveCfg = Release|Any CPU
		{C663B23A-45DA-4017-998F-7680149F98A6}.Release|Any CPU.Build.0 = Release|Any CPU
		{047CCBDA-5B6F-44F0-9976-E85FAEA94A03}.Debug|Any CPU.ActiveCfg = Debug|Any CPU
		{047CCBDA-5B6F-44F0-9976-E85FAEA94A03}.Debug|Any CPU.Build.0 = Debug|Any CPU
		{047CCBDA-5B6F-44F0-9976-E85FAEA94A03}.Release|Any CPU.ActiveCfg = Release|Any CPU
		{047CCBDA-5B6F-44F0-9976-E85FAEA94A03}.Release|Any CPU.Build.0 = Release|Any CPU
		{D770F0F5-2FF0-4E5A-A7CD-EC49C755B1F1}.Debug|Any CPU.ActiveCfg = Debug|Any CPU
		{D770F0F5-2FF0-4E5A-A7CD-EC49C755B1F1}.Debug|Any CPU.Build.0 = Debug|Any CPU
		{D770F0F5-2FF0-4E5A-A7CD-EC49C755B1F1}.Release|Any CPU.ActiveCfg = Release|Any CPU
		{D770F0F5-2FF0-4E5A-A7CD-EC49C755B1F1}.Release|Any CPU.Build.0 = Release|Any CPU
		{7BD869FE-987A-42FC-B455-0975435FC78A}.Debug|Any CPU.ActiveCfg = Debug|Any CPU
		{7BD869FE-987A-42FC-B455-0975435FC78A}.Debug|Any CPU.Build.0 = Debug|Any CPU
		{7BD869FE-987A-42FC-B455-0975435FC78A}.Release|Any CPU.ActiveCfg = Release|Any CPU
		{7BD869FE-987A-42FC-B455-0975435FC78A}.Release|Any CPU.Build.0 = Release|Any CPU
		{8B82AC62-AF85-40CD-9CC8-BDA5C3553B96}.Debug|Any CPU.ActiveCfg = Debug|Any CPU
		{8B82AC62-AF85-40CD-9CC8-BDA5C3553B96}.Debug|Any CPU.Build.0 = Debug|Any CPU
		{8B82AC62-AF85-40CD-9CC8-BDA5C3553B96}.Release|Any CPU.ActiveCfg = Release|Any CPU
		{8B82AC62-AF85-40CD-9CC8-BDA5C3553B96}.Release|Any CPU.Build.0 = Release|Any CPU
		{C3D84F50-B42D-4BFB-8F6B-277424B75173}.Debug|Any CPU.ActiveCfg = Debug|Any CPU
		{C3D84F50-B42D-4BFB-8F6B-277424B75173}.Debug|Any CPU.Build.0 = Debug|Any CPU
		{C3D84F50-B42D-4BFB-8F6B-277424B75173}.Release|Any CPU.ActiveCfg = Release|Any CPU
		{C3D84F50-B42D-4BFB-8F6B-277424B75173}.Release|Any CPU.Build.0 = Release|Any CPU
		{3417B1D4-CD19-4101-973A-802D7A81E1AE}.Debug|Any CPU.ActiveCfg = Debug|Any CPU
		{3417B1D4-CD19-4101-973A-802D7A81E1AE}.Debug|Any CPU.Build.0 = Debug|Any CPU
		{3417B1D4-CD19-4101-973A-802D7A81E1AE}.Release|Any CPU.ActiveCfg = Release|Any CPU
		{3417B1D4-CD19-4101-973A-802D7A81E1AE}.Release|Any CPU.Build.0 = Release|Any CPU
		{0F86DE3F-7CDB-49FE-9016-07C39E621ABC}.Debug|Any CPU.ActiveCfg = Debug|Any CPU
		{0F86DE3F-7CDB-49FE-9016-07C39E621ABC}.Debug|Any CPU.Build.0 = Debug|Any CPU
		{0F86DE3F-7CDB-49FE-9016-07C39E621ABC}.Release|Any CPU.ActiveCfg = Release|Any CPU
		{0F86DE3F-7CDB-49FE-9016-07C39E621ABC}.Release|Any CPU.Build.0 = Release|Any CPU
		{E88A6588-24FD-4836-A84C-2682D00FD5E2}.Debug|Any CPU.ActiveCfg = Debug|Any CPU
		{E88A6588-24FD-4836-A84C-2682D00FD5E2}.Debug|Any CPU.Build.0 = Debug|Any CPU
		{E88A6588-24FD-4836-A84C-2682D00FD5E2}.Release|Any CPU.ActiveCfg = Release|Any CPU
		{E88A6588-24FD-4836-A84C-2682D00FD5E2}.Release|Any CPU.Build.0 = Release|Any CPU
		{3E928784-BECD-4F9F-BDB4-87AD675FB1D8}.Debug|Any CPU.ActiveCfg = Debug|Any CPU
		{3E928784-BECD-4F9F-BDB4-87AD675FB1D8}.Debug|Any CPU.Build.0 = Debug|Any CPU
		{3E928784-BECD-4F9F-BDB4-87AD675FB1D8}.Release|Any CPU.ActiveCfg = Release|Any CPU
		{3E928784-BECD-4F9F-BDB4-87AD675FB1D8}.Release|Any CPU.Build.0 = Release|Any CPU
		{F803256B-0CAF-46B8-895B-3A2064F1E8D2}.Debug|Any CPU.ActiveCfg = Debug|Any CPU
		{F803256B-0CAF-46B8-895B-3A2064F1E8D2}.Debug|Any CPU.Build.0 = Debug|Any CPU
		{F803256B-0CAF-46B8-895B-3A2064F1E8D2}.Release|Any CPU.ActiveCfg = Release|Any CPU
		{F803256B-0CAF-46B8-895B-3A2064F1E8D2}.Release|Any CPU.Build.0 = Release|Any CPU
		{602B39A9-F80A-4B8B-ABD0-1B40DDC4EC86}.Debug|Any CPU.ActiveCfg = Debug|Any CPU
		{602B39A9-F80A-4B8B-ABD0-1B40DDC4EC86}.Debug|Any CPU.Build.0 = Debug|Any CPU
		{602B39A9-F80A-4B8B-ABD0-1B40DDC4EC86}.Release|Any CPU.ActiveCfg = Release|Any CPU
		{602B39A9-F80A-4B8B-ABD0-1B40DDC4EC86}.Release|Any CPU.Build.0 = Release|Any CPU
		{E4A4FE3B-4B79-4FD3-AABB-87CEB917E437}.Debug|Any CPU.ActiveCfg = Debug|Any CPU
		{E4A4FE3B-4B79-4FD3-AABB-87CEB917E437}.Debug|Any CPU.Build.0 = Debug|Any CPU
		{E4A4FE3B-4B79-4FD3-AABB-87CEB917E437}.Release|Any CPU.ActiveCfg = Release|Any CPU
		{E4A4FE3B-4B79-4FD3-AABB-87CEB917E437}.Release|Any CPU.Build.0 = Release|Any CPU
		{879E1505-F1AB-4D91-A5B7-F1A609EBF81A}.Debug|Any CPU.ActiveCfg = Debug|Any CPU
		{879E1505-F1AB-4D91-A5B7-F1A609EBF81A}.Debug|Any CPU.Build.0 = Debug|Any CPU
		{879E1505-F1AB-4D91-A5B7-F1A609EBF81A}.Release|Any CPU.ActiveCfg = Release|Any CPU
		{879E1505-F1AB-4D91-A5B7-F1A609EBF81A}.Release|Any CPU.Build.0 = Release|Any CPU
		{DE3B61CF-84EC-4021-B8D7-1A487432270F}.Debug|Any CPU.ActiveCfg = Debug|Any CPU
		{DE3B61CF-84EC-4021-B8D7-1A487432270F}.Debug|Any CPU.Build.0 = Debug|Any CPU
		{DE3B61CF-84EC-4021-B8D7-1A487432270F}.Release|Any CPU.ActiveCfg = Release|Any CPU
		{DE3B61CF-84EC-4021-B8D7-1A487432270F}.Release|Any CPU.Build.0 = Release|Any CPU
		{81CB269C-B8C1-4A95-807A-9D2DE60E74C4}.Debug|Any CPU.ActiveCfg = Debug|Any CPU
		{81CB269C-B8C1-4A95-807A-9D2DE60E74C4}.Debug|Any CPU.Build.0 = Debug|Any CPU
		{81CB269C-B8C1-4A95-807A-9D2DE60E74C4}.Release|Any CPU.ActiveCfg = Release|Any CPU
		{81CB269C-B8C1-4A95-807A-9D2DE60E74C4}.Release|Any CPU.Build.0 = Release|Any CPU
		{1ACC861E-0BF6-401F-BE7E-4900219EB44D}.Debug|Any CPU.ActiveCfg = Debug|Any CPU
		{1ACC861E-0BF6-401F-BE7E-4900219EB44D}.Debug|Any CPU.Build.0 = Debug|Any CPU
		{1ACC861E-0BF6-401F-BE7E-4900219EB44D}.Release|Any CPU.ActiveCfg = Release|Any CPU
		{1ACC861E-0BF6-401F-BE7E-4900219EB44D}.Release|Any CPU.Build.0 = Release|Any CPU
		{2EC7ECA0-7EE9-44AC-8064-507034A69E4C}.Debug|Any CPU.ActiveCfg = Debug|Any CPU
		{2EC7ECA0-7EE9-44AC-8064-507034A69E4C}.Debug|Any CPU.Build.0 = Debug|Any CPU
		{2EC7ECA0-7EE9-44AC-8064-507034A69E4C}.Release|Any CPU.ActiveCfg = Release|Any CPU
		{2EC7ECA0-7EE9-44AC-8064-507034A69E4C}.Release|Any CPU.Build.0 = Release|Any CPU
		{BD08F94D-FE98-4919-BED6-DDC813A02AF4}.Debug|Any CPU.ActiveCfg = Debug|Any CPU
		{BD08F94D-FE98-4919-BED6-DDC813A02AF4}.Debug|Any CPU.Build.0 = Debug|Any CPU
		{BD08F94D-FE98-4919-BED6-DDC813A02AF4}.Release|Any CPU.ActiveCfg = Release|Any CPU
		{BD08F94D-FE98-4919-BED6-DDC813A02AF4}.Release|Any CPU.Build.0 = Release|Any CPU
		{8B73C410-EE20-45F0-9CAD-114AD3C2F262}.Debug|Any CPU.ActiveCfg = Debug|Any CPU
		{8B73C410-EE20-45F0-9CAD-114AD3C2F262}.Debug|Any CPU.Build.0 = Debug|Any CPU
		{8B73C410-EE20-45F0-9CAD-114AD3C2F262}.Release|Any CPU.ActiveCfg = Release|Any CPU
		{8B73C410-EE20-45F0-9CAD-114AD3C2F262}.Release|Any CPU.Build.0 = Release|Any CPU
		{12C50155-5393-4AD9-AA9B-1ED8102AB64C}.Debug|Any CPU.ActiveCfg = Debug|Any CPU
		{12C50155-5393-4AD9-AA9B-1ED8102AB64C}.Debug|Any CPU.Build.0 = Debug|Any CPU
		{12C50155-5393-4AD9-AA9B-1ED8102AB64C}.Release|Any CPU.ActiveCfg = Release|Any CPU
		{12C50155-5393-4AD9-AA9B-1ED8102AB64C}.Release|Any CPU.Build.0 = Release|Any CPU
		{4B7DD451-9B7B-412F-B46A-3ADE4D017445}.Debug|Any CPU.ActiveCfg = Debug|Any CPU
		{4B7DD451-9B7B-412F-B46A-3ADE4D017445}.Debug|Any CPU.Build.0 = Debug|Any CPU
		{4B7DD451-9B7B-412F-B46A-3ADE4D017445}.Release|Any CPU.ActiveCfg = Release|Any CPU
		{4B7DD451-9B7B-412F-B46A-3ADE4D017445}.Release|Any CPU.Build.0 = Release|Any CPU
		{A8712CA6-53A5-4C71-903B-CAFE7A2F0E1A}.Debug|Any CPU.ActiveCfg = Debug|Any CPU
		{A8712CA6-53A5-4C71-903B-CAFE7A2F0E1A}.Debug|Any CPU.Build.0 = Debug|Any CPU
		{A8712CA6-53A5-4C71-903B-CAFE7A2F0E1A}.Release|Any CPU.ActiveCfg = Release|Any CPU
		{A8712CA6-53A5-4C71-903B-CAFE7A2F0E1A}.Release|Any CPU.Build.0 = Release|Any CPU
		{FEBE9753-E7E5-4E2A-A672-DF7842380BDA}.Debug|Any CPU.ActiveCfg = Debug|Any CPU
		{FEBE9753-E7E5-4E2A-A672-DF7842380BDA}.Debug|Any CPU.Build.0 = Debug|Any CPU
		{FEBE9753-E7E5-4E2A-A672-DF7842380BDA}.Release|Any CPU.ActiveCfg = Release|Any CPU
		{FEBE9753-E7E5-4E2A-A672-DF7842380BDA}.Release|Any CPU.Build.0 = Release|Any CPU
		{7CD3933B-B775-4C39-A6C7-6F4B6A648CB8}.Debug|Any CPU.ActiveCfg = Debug|Any CPU
		{7CD3933B-B775-4C39-A6C7-6F4B6A648CB8}.Debug|Any CPU.Build.0 = Debug|Any CPU
		{7CD3933B-B775-4C39-A6C7-6F4B6A648CB8}.Release|Any CPU.ActiveCfg = Release|Any CPU
		{7CD3933B-B775-4C39-A6C7-6F4B6A648CB8}.Release|Any CPU.Build.0 = Release|Any CPU
		{90931024-EE36-4242-B7A6-425C2D6CA705}.Debug|Any CPU.ActiveCfg = Debug|Any CPU
		{90931024-EE36-4242-B7A6-425C2D6CA705}.Debug|Any CPU.Build.0 = Debug|Any CPU
		{90931024-EE36-4242-B7A6-425C2D6CA705}.Release|Any CPU.ActiveCfg = Release|Any CPU
		{90931024-EE36-4242-B7A6-425C2D6CA705}.Release|Any CPU.Build.0 = Release|Any CPU
		{6A9CBBD5-7117-4FBA-A60C-CA5C37750847}.Debug|Any CPU.ActiveCfg = Debug|Any CPU
		{6A9CBBD5-7117-4FBA-A60C-CA5C37750847}.Debug|Any CPU.Build.0 = Debug|Any CPU
		{6A9CBBD5-7117-4FBA-A60C-CA5C37750847}.Release|Any CPU.ActiveCfg = Release|Any CPU
		{6A9CBBD5-7117-4FBA-A60C-CA5C37750847}.Release|Any CPU.Build.0 = Release|Any CPU
		{C2C0036D-7674-4309-A2A2-373688C71939}.Debug|Any CPU.ActiveCfg = Debug|Any CPU
		{C2C0036D-7674-4309-A2A2-373688C71939}.Debug|Any CPU.Build.0 = Debug|Any CPU
		{C2C0036D-7674-4309-A2A2-373688C71939}.Release|Any CPU.ActiveCfg = Release|Any CPU
		{C2C0036D-7674-4309-A2A2-373688C71939}.Release|Any CPU.Build.0 = Release|Any CPU
		{EFB86F30-8F18-44F7-824D-895D87A191E1}.Debug|Any CPU.ActiveCfg = Debug|Any CPU
		{EFB86F30-8F18-44F7-824D-895D87A191E1}.Debug|Any CPU.Build.0 = Debug|Any CPU
		{EFB86F30-8F18-44F7-824D-895D87A191E1}.Release|Any CPU.ActiveCfg = Release|Any CPU
		{EFB86F30-8F18-44F7-824D-895D87A191E1}.Release|Any CPU.Build.0 = Release|Any CPU
		{E25768DA-DEC4-49AE-A0F0-25F2CC0EECCB}.Debug|Any CPU.ActiveCfg = Debug|Any CPU
		{E25768DA-DEC4-49AE-A0F0-25F2CC0EECCB}.Debug|Any CPU.Build.0 = Debug|Any CPU
		{E25768DA-DEC4-49AE-A0F0-25F2CC0EECCB}.Release|Any CPU.ActiveCfg = Release|Any CPU
		{E25768DA-DEC4-49AE-A0F0-25F2CC0EECCB}.Release|Any CPU.Build.0 = Release|Any CPU
		{86E90DC6-69B8-4903-A129-64F217DF5BC3}.Debug|Any CPU.ActiveCfg = Debug|Any CPU
		{86E90DC6-69B8-4903-A129-64F217DF5BC3}.Debug|Any CPU.Build.0 = Debug|Any CPU
		{86E90DC6-69B8-4903-A129-64F217DF5BC3}.Release|Any CPU.ActiveCfg = Release|Any CPU
		{86E90DC6-69B8-4903-A129-64F217DF5BC3}.Release|Any CPU.Build.0 = Release|Any CPU
		{76C5EEC3-F93A-41E7-B029-792726E77E26}.Debug|Any CPU.ActiveCfg = Debug|Any CPU
		{76C5EEC3-F93A-41E7-B029-792726E77E26}.Debug|Any CPU.Build.0 = Debug|Any CPU
		{76C5EEC3-F93A-41E7-B029-792726E77E26}.Release|Any CPU.ActiveCfg = Release|Any CPU
		{76C5EEC3-F93A-41E7-B029-792726E77E26}.Release|Any CPU.Build.0 = Release|Any CPU
		{21CC270E-1F44-4C97-B43A-7341CDEDFE84}.Debug|Any CPU.ActiveCfg = Debug|Any CPU
		{21CC270E-1F44-4C97-B43A-7341CDEDFE84}.Debug|Any CPU.Build.0 = Debug|Any CPU
		{21CC270E-1F44-4C97-B43A-7341CDEDFE84}.Release|Any CPU.ActiveCfg = Release|Any CPU
		{21CC270E-1F44-4C97-B43A-7341CDEDFE84}.Release|Any CPU.Build.0 = Release|Any CPU
		{C1E70223-C3BB-4418-9FA7-1B0B19965E64}.Debug|Any CPU.ActiveCfg = Debug|Any CPU
		{C1E70223-C3BB-4418-9FA7-1B0B19965E64}.Debug|Any CPU.Build.0 = Debug|Any CPU
		{C1E70223-C3BB-4418-9FA7-1B0B19965E64}.Release|Any CPU.ActiveCfg = Release|Any CPU
		{C1E70223-C3BB-4418-9FA7-1B0B19965E64}.Release|Any CPU.Build.0 = Release|Any CPU
		{1890EE3E-E468-4DDE-95E3-EA731542D2AA}.Debug|Any CPU.ActiveCfg = Debug|Any CPU
		{1890EE3E-E468-4DDE-95E3-EA731542D2AA}.Debug|Any CPU.Build.0 = Debug|Any CPU
		{1890EE3E-E468-4DDE-95E3-EA731542D2AA}.Release|Any CPU.ActiveCfg = Release|Any CPU
		{1890EE3E-E468-4DDE-95E3-EA731542D2AA}.Release|Any CPU.Build.0 = Release|Any CPU
		{70C7BC00-55D5-4F4D-9D50-C4E7B8E66CA5}.Debug|Any CPU.ActiveCfg = Debug|Any CPU
		{70C7BC00-55D5-4F4D-9D50-C4E7B8E66CA5}.Debug|Any CPU.Build.0 = Debug|Any CPU
		{70C7BC00-55D5-4F4D-9D50-C4E7B8E66CA5}.Release|Any CPU.ActiveCfg = Release|Any CPU
		{70C7BC00-55D5-4F4D-9D50-C4E7B8E66CA5}.Release|Any CPU.Build.0 = Release|Any CPU
		{D78AA6B3-FD40-41C5-BDC4-EC81805EB624}.Debug|Any CPU.ActiveCfg = Debug|Any CPU
		{D78AA6B3-FD40-41C5-BDC4-EC81805EB624}.Debug|Any CPU.Build.0 = Debug|Any CPU
		{D78AA6B3-FD40-41C5-BDC4-EC81805EB624}.Release|Any CPU.ActiveCfg = Release|Any CPU
		{D78AA6B3-FD40-41C5-BDC4-EC81805EB624}.Release|Any CPU.Build.0 = Release|Any CPU
		{FEF247DC-693E-4517-AD74-485C9677822C}.Debug|Any CPU.ActiveCfg = Debug|Any CPU
		{FEF247DC-693E-4517-AD74-485C9677822C}.Debug|Any CPU.Build.0 = Debug|Any CPU
		{FEF247DC-693E-4517-AD74-485C9677822C}.Release|Any CPU.ActiveCfg = Release|Any CPU
		{FEF247DC-693E-4517-AD74-485C9677822C}.Release|Any CPU.Build.0 = Release|Any CPU
		{84D5EF0B-CCC4-4A39-BE8A-DCB971914E3F}.Debug|Any CPU.ActiveCfg = Debug|Any CPU
		{84D5EF0B-CCC4-4A39-BE8A-DCB971914E3F}.Debug|Any CPU.Build.0 = Debug|Any CPU
		{84D5EF0B-CCC4-4A39-BE8A-DCB971914E3F}.Release|Any CPU.ActiveCfg = Release|Any CPU
		{84D5EF0B-CCC4-4A39-BE8A-DCB971914E3F}.Release|Any CPU.Build.0 = Release|Any CPU
		{8BB55CBA-CDA1-4B88-9DBB-92F91324CD8E}.Debug|Any CPU.ActiveCfg = Debug|Any CPU
		{8BB55CBA-CDA1-4B88-9DBB-92F91324CD8E}.Debug|Any CPU.Build.0 = Debug|Any CPU
		{8BB55CBA-CDA1-4B88-9DBB-92F91324CD8E}.Release|Any CPU.ActiveCfg = Release|Any CPU
		{8BB55CBA-CDA1-4B88-9DBB-92F91324CD8E}.Release|Any CPU.Build.0 = Release|Any CPU
		{9EB18147-EE7A-41FB-ADF4-F714E786AAC5}.Debug|Any CPU.ActiveCfg = Debug|Any CPU
		{9EB18147-EE7A-41FB-ADF4-F714E786AAC5}.Debug|Any CPU.Build.0 = Debug|Any CPU
		{9EB18147-EE7A-41FB-ADF4-F714E786AAC5}.Release|Any CPU.ActiveCfg = Release|Any CPU
		{9EB18147-EE7A-41FB-ADF4-F714E786AAC5}.Release|Any CPU.Build.0 = Release|Any CPU
		{5C4E9E49-8178-4CEE-B467-97D2E578C7B2}.Debug|Any CPU.ActiveCfg = Debug|Any CPU
		{5C4E9E49-8178-4CEE-B467-97D2E578C7B2}.Debug|Any CPU.Build.0 = Debug|Any CPU
		{5C4E9E49-8178-4CEE-B467-97D2E578C7B2}.Release|Any CPU.ActiveCfg = Release|Any CPU
		{5C4E9E49-8178-4CEE-B467-97D2E578C7B2}.Release|Any CPU.Build.0 = Release|Any CPU
		{8A4480F9-D232-4324-9B91-C030EAD72326}.Debug|Any CPU.ActiveCfg = Debug|Any CPU
		{8A4480F9-D232-4324-9B91-C030EAD72326}.Debug|Any CPU.Build.0 = Debug|Any CPU
		{8A4480F9-D232-4324-9B91-C030EAD72326}.Release|Any CPU.ActiveCfg = Release|Any CPU
		{8A4480F9-D232-4324-9B91-C030EAD72326}.Release|Any CPU.Build.0 = Release|Any CPU
		{1E3BD4BE-F05C-451D-8D00-2909EBF1CABF}.Debug|Any CPU.ActiveCfg = Debug|Any CPU
		{1E3BD4BE-F05C-451D-8D00-2909EBF1CABF}.Debug|Any CPU.Build.0 = Debug|Any CPU
		{1E3BD4BE-F05C-451D-8D00-2909EBF1CABF}.Release|Any CPU.ActiveCfg = Release|Any CPU
		{1E3BD4BE-F05C-451D-8D00-2909EBF1CABF}.Release|Any CPU.Build.0 = Release|Any CPU
		{12E9D507-6DDF-4786-A0A8-B3AACDBEF6BB}.Debug|Any CPU.ActiveCfg = Debug|Any CPU
		{12E9D507-6DDF-4786-A0A8-B3AACDBEF6BB}.Debug|Any CPU.Build.0 = Debug|Any CPU
		{12E9D507-6DDF-4786-A0A8-B3AACDBEF6BB}.Release|Any CPU.ActiveCfg = Release|Any CPU
		{12E9D507-6DDF-4786-A0A8-B3AACDBEF6BB}.Release|Any CPU.Build.0 = Release|Any CPU
		{49DB7682-AF5C-4884-94C0-3A54284A250E}.Debug|Any CPU.ActiveCfg = Debug|Any CPU
		{49DB7682-AF5C-4884-94C0-3A54284A250E}.Debug|Any CPU.Build.0 = Debug|Any CPU
		{49DB7682-AF5C-4884-94C0-3A54284A250E}.Release|Any CPU.ActiveCfg = Release|Any CPU
		{49DB7682-AF5C-4884-94C0-3A54284A250E}.Release|Any CPU.Build.0 = Release|Any CPU
		{7EC604FF-5B83-41CC-B3BB-1ADF4C2D13D5}.Debug|Any CPU.ActiveCfg = Debug|Any CPU
		{7EC604FF-5B83-41CC-B3BB-1ADF4C2D13D5}.Debug|Any CPU.Build.0 = Debug|Any CPU
		{7EC604FF-5B83-41CC-B3BB-1ADF4C2D13D5}.Release|Any CPU.ActiveCfg = Release|Any CPU
		{7EC604FF-5B83-41CC-B3BB-1ADF4C2D13D5}.Release|Any CPU.Build.0 = Release|Any CPU
		{C232AB67-D4A4-4AD7-BB2B-1F40BFCFFE10}.Debug|Any CPU.ActiveCfg = Debug|Any CPU
		{C232AB67-D4A4-4AD7-BB2B-1F40BFCFFE10}.Debug|Any CPU.Build.0 = Debug|Any CPU
		{C232AB67-D4A4-4AD7-BB2B-1F40BFCFFE10}.Release|Any CPU.ActiveCfg = Release|Any CPU
		{C232AB67-D4A4-4AD7-BB2B-1F40BFCFFE10}.Release|Any CPU.Build.0 = Release|Any CPU
		{EA8B5763-E474-46FC-B88B-5333D8F32B7C}.Debug|Any CPU.ActiveCfg = Debug|Any CPU
		{EA8B5763-E474-46FC-B88B-5333D8F32B7C}.Debug|Any CPU.Build.0 = Debug|Any CPU
		{EA8B5763-E474-46FC-B88B-5333D8F32B7C}.Release|Any CPU.ActiveCfg = Release|Any CPU
		{EA8B5763-E474-46FC-B88B-5333D8F32B7C}.Release|Any CPU.Build.0 = Release|Any CPU
		{3014EC65-03E6-4DC4-9835-CB895EB38159}.Debug|Any CPU.ActiveCfg = Debug|Any CPU
		{3014EC65-03E6-4DC4-9835-CB895EB38159}.Debug|Any CPU.Build.0 = Debug|Any CPU
		{3014EC65-03E6-4DC4-9835-CB895EB38159}.Release|Any CPU.ActiveCfg = Release|Any CPU
		{3014EC65-03E6-4DC4-9835-CB895EB38159}.Release|Any CPU.Build.0 = Release|Any CPU
		{9523F129-840A-445B-9A3A-DD1B2F2946F6}.Debug|Any CPU.ActiveCfg = Debug|Any CPU
		{9523F129-840A-445B-9A3A-DD1B2F2946F6}.Debug|Any CPU.Build.0 = Debug|Any CPU
		{9523F129-840A-445B-9A3A-DD1B2F2946F6}.Release|Any CPU.ActiveCfg = Release|Any CPU
		{9523F129-840A-445B-9A3A-DD1B2F2946F6}.Release|Any CPU.Build.0 = Release|Any CPU
		{9BC95346-0CF7-43C3-A474-F3B6BE060014}.Debug|Any CPU.ActiveCfg = Debug|Any CPU
		{9BC95346-0CF7-43C3-A474-F3B6BE060014}.Debug|Any CPU.Build.0 = Debug|Any CPU
		{9BC95346-0CF7-43C3-A474-F3B6BE060014}.Release|Any CPU.ActiveCfg = Release|Any CPU
		{9BC95346-0CF7-43C3-A474-F3B6BE060014}.Release|Any CPU.Build.0 = Release|Any CPU
		{ACD8C19C-A14C-4F5A-A854-817565719F4A}.Debug|Any CPU.ActiveCfg = Debug|Any CPU
		{ACD8C19C-A14C-4F5A-A854-817565719F4A}.Debug|Any CPU.Build.0 = Debug|Any CPU
		{ACD8C19C-A14C-4F5A-A854-817565719F4A}.Release|Any CPU.ActiveCfg = Release|Any CPU
		{ACD8C19C-A14C-4F5A-A854-817565719F4A}.Release|Any CPU.Build.0 = Release|Any CPU
		{62809FF5-9580-4ED8-A3F4-E5D84C4CF029}.Debug|Any CPU.ActiveCfg = Debug|Any CPU
		{62809FF5-9580-4ED8-A3F4-E5D84C4CF029}.Debug|Any CPU.Build.0 = Debug|Any CPU
		{62809FF5-9580-4ED8-A3F4-E5D84C4CF029}.Release|Any CPU.ActiveCfg = Release|Any CPU
		{62809FF5-9580-4ED8-A3F4-E5D84C4CF029}.Release|Any CPU.Build.0 = Release|Any CPU
		{0F56679D-9A92-40C1-8F20-B782793CE094}.Debug|Any CPU.ActiveCfg = Debug|Any CPU
		{0F56679D-9A92-40C1-8F20-B782793CE094}.Debug|Any CPU.Build.0 = Debug|Any CPU
		{0F56679D-9A92-40C1-8F20-B782793CE094}.Release|Any CPU.ActiveCfg = Release|Any CPU
		{0F56679D-9A92-40C1-8F20-B782793CE094}.Release|Any CPU.Build.0 = Release|Any CPU
		{D594D543-0E12-488E-95AD-B7FC78B0315D}.Debug|Any CPU.ActiveCfg = Debug|Any CPU
		{D594D543-0E12-488E-95AD-B7FC78B0315D}.Debug|Any CPU.Build.0 = Debug|Any CPU
		{D594D543-0E12-488E-95AD-B7FC78B0315D}.Release|Any CPU.ActiveCfg = Release|Any CPU
		{D594D543-0E12-488E-95AD-B7FC78B0315D}.Release|Any CPU.Build.0 = Release|Any CPU
		{B6C9F764-96E9-4D97-89C3-001D7929FD0F}.Debug|Any CPU.ActiveCfg = Debug|Any CPU
		{B6C9F764-96E9-4D97-89C3-001D7929FD0F}.Debug|Any CPU.Build.0 = Debug|Any CPU
		{B6C9F764-96E9-4D97-89C3-001D7929FD0F}.Release|Any CPU.ActiveCfg = Release|Any CPU
		{B6C9F764-96E9-4D97-89C3-001D7929FD0F}.Release|Any CPU.Build.0 = Release|Any CPU
		{CD721A7D-1FF1-412F-B1FF-5F854DF37A36}.Debug|Any CPU.ActiveCfg = Debug|Any CPU
		{CD721A7D-1FF1-412F-B1FF-5F854DF37A36}.Debug|Any CPU.Build.0 = Debug|Any CPU
		{CD721A7D-1FF1-412F-B1FF-5F854DF37A36}.Release|Any CPU.ActiveCfg = Release|Any CPU
		{CD721A7D-1FF1-412F-B1FF-5F854DF37A36}.Release|Any CPU.Build.0 = Release|Any CPU
		{05F7CCAF-C050-4D7A-967B-AAB6A1A406B4}.Debug|Any CPU.ActiveCfg = Debug|Any CPU
		{05F7CCAF-C050-4D7A-967B-AAB6A1A406B4}.Debug|Any CPU.Build.0 = Debug|Any CPU
		{05F7CCAF-C050-4D7A-967B-AAB6A1A406B4}.Release|Any CPU.ActiveCfg = Release|Any CPU
		{05F7CCAF-C050-4D7A-967B-AAB6A1A406B4}.Release|Any CPU.Build.0 = Release|Any CPU
	EndGlobalSection
	GlobalSection(NestedProjects) = preSolution
		{6CD34E4A-0E3B-4483-BECB-2595E8E209A7} = {74BCF12D-6EAD-41AF-B590-751FAEAD6C97}
		{C075A5F0-63FA-4427-8F9F-DFEB02F0F5CA} = {74BCF12D-6EAD-41AF-B590-751FAEAD6C97}
		{8694136F-BC1C-42B7-A428-AEAD86B36C4D} = {74BCF12D-6EAD-41AF-B590-751FAEAD6C97}
		{A73D22AB-9757-4A9A-892E-534753888353} = {74BCF12D-6EAD-41AF-B590-751FAEAD6C97}
		{E8367FD4-1A7A-4960-A547-C0E7C4EC385F} = {50B4C7D8-FC48-4932-9958-A7EEA04E8DA7}
		{9757C758-7D64-4340-8FE6-91B5EABDB6CE} = {74BCF12D-6EAD-41AF-B590-751FAEAD6C97}
		{736CB205-805B-4C3D-90EB-BEDE3F48F3FA} = {74BCF12D-6EAD-41AF-B590-751FAEAD6C97}
		{65D423DC-378B-40FF-9FD8-4822664E2625} = {74BCF12D-6EAD-41AF-B590-751FAEAD6C97}
		{A60BF572-394F-4D4A-B639-74A405A8E702} = {50B4C7D8-FC48-4932-9958-A7EEA04E8DA7}
		{D8140C12-B61E-480A-8933-004F2D766E64} = {50B4C7D8-FC48-4932-9958-A7EEA04E8DA7}
		{50A4AD8A-E512-427A-AE8B-763C74395883} = {74BCF12D-6EAD-41AF-B590-751FAEAD6C97}
		{3FCCE838-10AE-45F2-BB3E-304F95CD0C51} = {50B4C7D8-FC48-4932-9958-A7EEA04E8DA7}
		{93425089-9332-4A44-AC5C-39F1319C0EB5} = {74BCF12D-6EAD-41AF-B590-751FAEAD6C97}
		{D51627C7-E400-42A5-B826-ED9B82BACAEC} = {50B4C7D8-FC48-4932-9958-A7EEA04E8DA7}
		{439E29CD-3260-442D-8252-BFA145904755} = {74BCF12D-6EAD-41AF-B590-751FAEAD6C97}
		{304214A7-FEC0-43F8-AF9B-9829B6B08422} = {50B4C7D8-FC48-4932-9958-A7EEA04E8DA7}
		{0B1F2DD3-76D9-475C-9342-B52E49E5AA30} = {74BCF12D-6EAD-41AF-B590-751FAEAD6C97}
		{D7A97931-2DC0-41C0-BEA4-6A6329C6CDFD} = {50B4C7D8-FC48-4932-9958-A7EEA04E8DA7}
		{9B0CF734-DA25-4860-BDC7-037012F422F2} = {50B4C7D8-FC48-4932-9958-A7EEA04E8DA7}
		{F14AC9A2-14FB-4CB8-A7AF-E3C42FDAFEFB} = {74BCF12D-6EAD-41AF-B590-751FAEAD6C97}
		{905E5BD8-54A6-493A-B3C6-5081310E516B} = {50B4C7D8-FC48-4932-9958-A7EEA04E8DA7}
		{9A32B8BD-1130-469A-845D-C1AC617E589A} = {74BCF12D-6EAD-41AF-B590-751FAEAD6C97}
		{FA414DA0-8420-44A3-801A-45DDDB70FC1B} = {50B4C7D8-FC48-4932-9958-A7EEA04E8DA7}
		{7FEC003D-5C81-4E90-BF67-379E45AD3262} = {74BCF12D-6EAD-41AF-B590-751FAEAD6C97}
		{CDE7983E-9ADA-4943-80E4-5117E16C2DA8} = {74BCF12D-6EAD-41AF-B590-751FAEAD6C97}
		{7231D4A0-2536-40A9-A4B3-D5DF0DCE0525} = {74BCF12D-6EAD-41AF-B590-751FAEAD6C97}
		{9CA3E3EA-E8AD-4C52-8155-538F7ED29D88} = {74BCF12D-6EAD-41AF-B590-751FAEAD6C97}
		{C663B23A-45DA-4017-998F-7680149F98A6} = {74BCF12D-6EAD-41AF-B590-751FAEAD6C97}
		{047CCBDA-5B6F-44F0-9976-E85FAEA94A03} = {74BCF12D-6EAD-41AF-B590-751FAEAD6C97}
		{D770F0F5-2FF0-4E5A-A7CD-EC49C755B1F1} = {50B4C7D8-FC48-4932-9958-A7EEA04E8DA7}
		{7BD869FE-987A-42FC-B455-0975435FC78A} = {74BCF12D-6EAD-41AF-B590-751FAEAD6C97}
		{8B82AC62-AF85-40CD-9CC8-BDA5C3553B96} = {50B4C7D8-FC48-4932-9958-A7EEA04E8DA7}
		{C3D84F50-B42D-4BFB-8F6B-277424B75173} = {74BCF12D-6EAD-41AF-B590-751FAEAD6C97}
		{3417B1D4-CD19-4101-973A-802D7A81E1AE} = {50B4C7D8-FC48-4932-9958-A7EEA04E8DA7}
		{0F86DE3F-7CDB-49FE-9016-07C39E621ABC} = {74BCF12D-6EAD-41AF-B590-751FAEAD6C97}
		{E88A6588-24FD-4836-A84C-2682D00FD5E2} = {50B4C7D8-FC48-4932-9958-A7EEA04E8DA7}
		{3E928784-BECD-4F9F-BDB4-87AD675FB1D8} = {74BCF12D-6EAD-41AF-B590-751FAEAD6C97}
		{F803256B-0CAF-46B8-895B-3A2064F1E8D2} = {50B4C7D8-FC48-4932-9958-A7EEA04E8DA7}
		{602B39A9-F80A-4B8B-ABD0-1B40DDC4EC86} = {74BCF12D-6EAD-41AF-B590-751FAEAD6C97}
		{E4A4FE3B-4B79-4FD3-AABB-87CEB917E437} = {74BCF12D-6EAD-41AF-B590-751FAEAD6C97}
		{879E1505-F1AB-4D91-A5B7-F1A609EBF81A} = {50B4C7D8-FC48-4932-9958-A7EEA04E8DA7}
		{DE3B61CF-84EC-4021-B8D7-1A487432270F} = {50B4C7D8-FC48-4932-9958-A7EEA04E8DA7}
		{81CB269C-B8C1-4A95-807A-9D2DE60E74C4} = {74BCF12D-6EAD-41AF-B590-751FAEAD6C97}
		{1ACC861E-0BF6-401F-BE7E-4900219EB44D} = {50B4C7D8-FC48-4932-9958-A7EEA04E8DA7}
		{2EC7ECA0-7EE9-44AC-8064-507034A69E4C} = {74BCF12D-6EAD-41AF-B590-751FAEAD6C97}
		{BD08F94D-FE98-4919-BED6-DDC813A02AF4} = {50B4C7D8-FC48-4932-9958-A7EEA04E8DA7}
		{8B73C410-EE20-45F0-9CAD-114AD3C2F262} = {74BCF12D-6EAD-41AF-B590-751FAEAD6C97}
		{12C50155-5393-4AD9-AA9B-1ED8102AB64C} = {50B4C7D8-FC48-4932-9958-A7EEA04E8DA7}
		{4B7DD451-9B7B-412F-B46A-3ADE4D017445} = {74BCF12D-6EAD-41AF-B590-751FAEAD6C97}
		{A8712CA6-53A5-4C71-903B-CAFE7A2F0E1A} = {50B4C7D8-FC48-4932-9958-A7EEA04E8DA7}
		{FEBE9753-E7E5-4E2A-A672-DF7842380BDA} = {74BCF12D-6EAD-41AF-B590-751FAEAD6C97}
		{7CD3933B-B775-4C39-A6C7-6F4B6A648CB8} = {50B4C7D8-FC48-4932-9958-A7EEA04E8DA7}
		{90931024-EE36-4242-B7A6-425C2D6CA705} = {50B4C7D8-FC48-4932-9958-A7EEA04E8DA7}
		{6A9CBBD5-7117-4FBA-A60C-CA5C37750847} = {74BCF12D-6EAD-41AF-B590-751FAEAD6C97}
		{C2C0036D-7674-4309-A2A2-373688C71939} = {50B4C7D8-FC48-4932-9958-A7EEA04E8DA7}
		{EFB86F30-8F18-44F7-824D-895D87A191E1} = {74BCF12D-6EAD-41AF-B590-751FAEAD6C97}
		{E25768DA-DEC4-49AE-A0F0-25F2CC0EECCB} = {50B4C7D8-FC48-4932-9958-A7EEA04E8DA7}
		{86E90DC6-69B8-4903-A129-64F217DF5BC3} = {74BCF12D-6EAD-41AF-B590-751FAEAD6C97}
		{76C5EEC3-F93A-41E7-B029-792726E77E26} = {50B4C7D8-FC48-4932-9958-A7EEA04E8DA7}
		{21CC270E-1F44-4C97-B43A-7341CDEDFE84} = {74BCF12D-6EAD-41AF-B590-751FAEAD6C97}
		{C1E70223-C3BB-4418-9FA7-1B0B19965E64} = {50B4C7D8-FC48-4932-9958-A7EEA04E8DA7}
		{1890EE3E-E468-4DDE-95E3-EA731542D2AA} = {74BCF12D-6EAD-41AF-B590-751FAEAD6C97}
		{70C7BC00-55D5-4F4D-9D50-C4E7B8E66CA5} = {50B4C7D8-FC48-4932-9958-A7EEA04E8DA7}
		{D78AA6B3-FD40-41C5-BDC4-EC81805EB624} = {74BCF12D-6EAD-41AF-B590-751FAEAD6C97}
		{FEF247DC-693E-4517-AD74-485C9677822C} = {50B4C7D8-FC48-4932-9958-A7EEA04E8DA7}
		{84D5EF0B-CCC4-4A39-BE8A-DCB971914E3F} = {74BCF12D-6EAD-41AF-B590-751FAEAD6C97}
		{8BB55CBA-CDA1-4B88-9DBB-92F91324CD8E} = {50B4C7D8-FC48-4932-9958-A7EEA04E8DA7}
		{9EB18147-EE7A-41FB-ADF4-F714E786AAC5} = {74BCF12D-6EAD-41AF-B590-751FAEAD6C97}
		{5C4E9E49-8178-4CEE-B467-97D2E578C7B2} = {50B4C7D8-FC48-4932-9958-A7EEA04E8DA7}
		{8A4480F9-D232-4324-9B91-C030EAD72326} = {74BCF12D-6EAD-41AF-B590-751FAEAD6C97}
		{1E3BD4BE-F05C-451D-8D00-2909EBF1CABF} = {74BCF12D-6EAD-41AF-B590-751FAEAD6C97}
		{12E9D507-6DDF-4786-A0A8-B3AACDBEF6BB} = {74BCF12D-6EAD-41AF-B590-751FAEAD6C97}
		{49DB7682-AF5C-4884-94C0-3A54284A250E} = {74BCF12D-6EAD-41AF-B590-751FAEAD6C97}
		{7EC604FF-5B83-41CC-B3BB-1ADF4C2D13D5} = {74BCF12D-6EAD-41AF-B590-751FAEAD6C97}
		{C232AB67-D4A4-4AD7-BB2B-1F40BFCFFE10} = {50B4C7D8-FC48-4932-9958-A7EEA04E8DA7}
		{EA8B5763-E474-46FC-B88B-5333D8F32B7C} = {50B4C7D8-FC48-4932-9958-A7EEA04E8DA7}
		{3014EC65-03E6-4DC4-9835-CB895EB38159} = {50B4C7D8-FC48-4932-9958-A7EEA04E8DA7}
		{9523F129-840A-445B-9A3A-DD1B2F2946F6} = {50B4C7D8-FC48-4932-9958-A7EEA04E8DA7}
		{9BC95346-0CF7-43C3-A474-F3B6BE060014} = {50B4C7D8-FC48-4932-9958-A7EEA04E8DA7}
		{ACD8C19C-A14C-4F5A-A854-817565719F4A} = {74BCF12D-6EAD-41AF-B590-751FAEAD6C97}
		{62809FF5-9580-4ED8-A3F4-E5D84C4CF029} = {50B4C7D8-FC48-4932-9958-A7EEA04E8DA7}
		{0F56679D-9A92-40C1-8F20-B782793CE094} = {74BCF12D-6EAD-41AF-B590-751FAEAD6C97}
		{D594D543-0E12-488E-95AD-B7FC78B0315D} = {50B4C7D8-FC48-4932-9958-A7EEA04E8DA7}
		{B6C9F764-96E9-4D97-89C3-001D7929FD0F} = {74BCF12D-6EAD-41AF-B590-751FAEAD6C97}
		{CD721A7D-1FF1-412F-B1FF-5F854DF37A36} = {74BCF12D-6EAD-41AF-B590-751FAEAD6C97}
		{05F7CCAF-C050-4D7A-967B-AAB6A1A406B4} = {74BCF12D-6EAD-41AF-B590-751FAEAD6C97}
	EndGlobalSection
EndGlobal
