
Microsoft Visual Studio Solution File, Format Version 12.00
# Visual Studio Version 17
VisualStudioVersion = 17.0.31903.59
MinimumVisualStudioVersion = 10.0.40219.1
Project("{2150E333-8FDC-42A3-9474-1A3956D46DE8}") = "src", "src", "{74BCF12D-6EAD-41AF-B590-751FAEAD6C97}"
EndProject
Project("{FAE04EC0-301F-11D3-BF4B-00C04F79EFBC}") = "Vais.Agents.Abstractions", "src\Vais.Agents.Abstractions\Vais.Agents.Abstractions.csproj", "{6CD34E4A-0E3B-4483-BECB-2595E8E209A7}"
EndProject
Project("{FAE04EC0-301F-11D3-BF4B-00C04F79EFBC}") = "Vais.Agents.Core", "src\Vais.Agents.Core\Vais.Agents.Core.csproj", "{C075A5F0-63FA-4427-8F9F-DFEB02F0F5CA}"
EndProject
Project("{FAE04EC0-301F-11D3-BF4B-00C04F79EFBC}") = "Vais.Agents.Ai.SemanticKernel", "src\Vais.Agents.Ai.SemanticKernel\Vais.Agents.Ai.SemanticKernel.csproj", "{8694136F-BC1C-42B7-A428-AEAD86B36C4D}"
EndProject
Project("{FAE04EC0-301F-11D3-BF4B-00C04F79EFBC}") = "Vais.Agents.Ai.MicrosoftAgentFramework", "src\Vais.Agents.Ai.MicrosoftAgentFramework\Vais.Agents.Ai.MicrosoftAgentFramework.csproj", "{A73D22AB-9757-4A9A-892E-534753888353}"
EndProject
Project("{2150E333-8FDC-42A3-9474-1A3956D46DE8}") = "tests", "tests", "{50B4C7D8-FC48-4932-9958-A7EEA04E8DA7}"
EndProject
Project("{FAE04EC0-301F-11D3-BF4B-00C04F79EFBC}") = "Vais.Agents.Core.Tests", "tests\Vais.Agents.Core.Tests\Vais.Agents.Core.Tests.csproj", "{E8367FD4-1A7A-4960-A547-C0E7C4EC385F}"
EndProject
Project("{FAE04EC0-301F-11D3-BF4B-00C04F79EFBC}") = "Vais.Agents.Hosting.InMemory", "src\Vais.Agents.Hosting.InMemory\Vais.Agents.Hosting.InMemory.csproj", "{9757C758-7D64-4340-8FE6-91B5EABDB6CE}"
EndProject
Project("{FAE04EC0-301F-11D3-BF4B-00C04F79EFBC}") = "Vais.Agents.Observability.OpenTelemetry", "src\Vais.Agents.Observability.OpenTelemetry\Vais.Agents.Observability.OpenTelemetry.csproj", "{736CB205-805B-4C3D-90EB-BEDE3F48F3FA}"
EndProject
Project("{FAE04EC0-301F-11D3-BF4B-00C04F79EFBC}") = "Vais.Agents.Observability.Langfuse", "src\Vais.Agents.Observability.Langfuse\Vais.Agents.Observability.Langfuse.csproj", "{65D423DC-378B-40FF-9FD8-4822664E2625}"
EndProject
Project("{FAE04EC0-301F-11D3-BF4B-00C04F79EFBC}") = "Vais.Agents.Observability.Tests", "tests\Vais.Agents.Observability.Tests\Vais.Agents.Observability.Tests.csproj", "{A60BF572-394F-4D4A-B639-74A405A8E702}"
EndProject
Project("{FAE04EC0-301F-11D3-BF4B-00C04F79EFBC}") = "Vais.Agents.ParityTests", "tests\Vais.Agents.ParityTests\Vais.Agents.ParityTests.csproj", "{D8140C12-B61E-480A-8933-004F2D766E64}"
EndProject
Project("{FAE04EC0-301F-11D3-BF4B-00C04F79EFBC}") = "Vais.Agents.Hosting.Orleans", "src\Vais.Agents.Hosting.Orleans\Vais.Agents.Hosting.Orleans.csproj", "{50A4AD8A-E512-427A-AE8B-763C74395883}"
EndProject
Project("{FAE04EC0-301F-11D3-BF4B-00C04F79EFBC}") = "Vais.Agents.Hosting.Orleans.Tests", "tests\Vais.Agents.Hosting.Orleans.Tests\Vais.Agents.Hosting.Orleans.Tests.csproj", "{3FCCE838-10AE-45F2-BB3E-304F95CD0C51}"
EndProject
Project("{FAE04EC0-301F-11D3-BF4B-00C04F79EFBC}") = "Vais.Agents.Persistence.Redis", "src\Vais.Agents.Persistence.Redis\Vais.Agents.Persistence.Redis.csproj", "{93425089-9332-4A44-AC5C-39F1319C0EB5}"
EndProject
Project("{FAE04EC0-301F-11D3-BF4B-00C04F79EFBC}") = "Vais.Agents.Persistence.Redis.Tests", "tests\Vais.Agents.Persistence.Redis.Tests\Vais.Agents.Persistence.Redis.Tests.csproj", "{D51627C7-E400-42A5-B826-ED9B82BACAEC}"
EndProject
Project("{FAE04EC0-301F-11D3-BF4B-00C04F79EFBC}") = "Vais.Agents.Persistence.Postgres", "src\Vais.Agents.Persistence.Postgres\Vais.Agents.Persistence.Postgres.csproj", "{439E29CD-3260-442D-8252-BFA145904755}"
EndProject
Project("{FAE04EC0-301F-11D3-BF4B-00C04F79EFBC}") = "Vais.Agents.Persistence.Postgres.Tests", "tests\Vais.Agents.Persistence.Postgres.Tests\Vais.Agents.Persistence.Postgres.Tests.csproj", "{304214A7-FEC0-43F8-AF9B-9829B6B08422}"
EndProject
Project("{FAE04EC0-301F-11D3-BF4B-00C04F79EFBC}") = "Vais.Agents.Persistence.VectorData", "src\Vais.Agents.Persistence.VectorData\Vais.Agents.Persistence.VectorData.csproj", "{0B1F2DD3-76D9-475C-9342-B52E49E5AA30}"
EndProject
Project("{FAE04EC0-301F-11D3-BF4B-00C04F79EFBC}") = "Vais.Agents.Persistence.VectorData.Tests", "tests\Vais.Agents.Persistence.VectorData.Tests\Vais.Agents.Persistence.VectorData.Tests.csproj", "{D7A97931-2DC0-41C0-BEA4-6A6329C6CDFD}"
EndProject
Project("{FAE04EC0-301F-11D3-BF4B-00C04F79EFBC}") = "Vais.Agents.CrossHostTests", "tests\Vais.Agents.CrossHostTests\Vais.Agents.CrossHostTests.csproj", "{9B0CF734-DA25-4860-BDC7-037012F422F2}"
EndProject
Project("{FAE04EC0-301F-11D3-BF4B-00C04F79EFBC}") = "Vais.Agents.Protocols.Mcp", "src\Vais.Agents.Protocols.Mcp\Vais.Agents.Protocols.Mcp.csproj", "{F14AC9A2-14FB-4CB8-A7AF-E3C42FDAFEFB}"
EndProject
Project("{FAE04EC0-301F-11D3-BF4B-00C04F79EFBC}") = "Vais.Agents.Protocols.Mcp.Tests", "tests\Vais.Agents.Protocols.Mcp.Tests\Vais.Agents.Protocols.Mcp.Tests.csproj", "{905E5BD8-54A6-493A-B3C6-5081310E516B}"
EndProject
Project("{FAE04EC0-301F-11D3-BF4B-00C04F79EFBC}") = "Vais.Agents.Protocols.A2A", "src\Vais.Agents.Protocols.A2A\Vais.Agents.Protocols.A2A.csproj", "{9A32B8BD-1130-469A-845D-C1AC617E589A}"
EndProject
Project("{FAE04EC0-301F-11D3-BF4B-00C04F79EFBC}") = "Vais.Agents.Protocols.A2A.Tests", "tests\Vais.Agents.Protocols.A2A.Tests\Vais.Agents.Protocols.A2A.Tests.csproj", "{FA414DA0-8420-44A3-801A-45DDDB70FC1B}"
EndProject
Project("{FAE04EC0-301F-11D3-BF4B-00C04F79EFBC}") = "Vais.Agents.Control.Abstractions", "src\Vais.Agents.Control.Abstractions\Vais.Agents.Control.Abstractions.csproj", "{7FEC003D-5C81-4E90-BF67-379E45AD3262}"
EndProject
Project("{FAE04EC0-301F-11D3-BF4B-00C04F79EFBC}") = "Vais.Agents.Control.InProcess", "src\Vais.Agents.Control.InProcess\Vais.Agents.Control.InProcess.csproj", "{CDE7983E-9ADA-4943-80E4-5117E16C2DA8}"
EndProject
Project("{FAE04EC0-301F-11D3-BF4B-00C04F79EFBC}") = "Vais.Agents.Control.Manifests.Json", "src\Vais.Agents.Control.Manifests.Json\Vais.Agents.Control.Manifests.Json.csproj", "{7231D4A0-2536-40A9-A4B3-D5DF0DCE0525}"
EndProject
Project("{FAE04EC0-301F-11D3-BF4B-00C04F79EFBC}") = "Vais.Agents.Control.Manifests.Yaml", "src\Vais.Agents.Control.Manifests.Yaml\Vais.Agents.Control.Manifests.Yaml.csproj", "{9CA3E3EA-E8AD-4C52-8155-538F7ED29D88}"
EndProject
Project("{FAE04EC0-301F-11D3-BF4B-00C04F79EFBC}") = "Vais.Agents.Control.Http.Server", "src\Vais.Agents.Control.Http.Server\Vais.Agents.Control.Http.Server.csproj", "{C663B23A-45DA-4017-998F-7680149F98A6}"
EndProject
Project("{FAE04EC0-301F-11D3-BF4B-00C04F79EFBC}") = "Vais.Agents.Control.Http.Client", "src\Vais.Agents.Control.Http.Client\Vais.Agents.Control.Http.Client.csproj", "{047CCBDA-5B6F-44F0-9976-E85FAEA94A03}"
EndProject
Project("{FAE04EC0-301F-11D3-BF4B-00C04F79EFBC}") = "Vais.Agents.Control.Http.Tests", "tests\Vais.Agents.Control.Http.Tests\Vais.Agents.Control.Http.Tests.csproj", "{D770F0F5-2FF0-4E5A-A7CD-EC49C755B1F1}"
EndProject
Project("{FAE04EC0-301F-11D3-BF4B-00C04F79EFBC}") = "Vais.Agents.Protocols.Mcp.Server", "src\Vais.Agents.Protocols.Mcp.Server\Vais.Agents.Protocols.Mcp.Server.csproj", "{7BD869FE-987A-42FC-B455-0975435FC78A}"
EndProject
Project("{FAE04EC0-301F-11D3-BF4B-00C04F79EFBC}") = "Vais.Agents.Protocols.Mcp.Server.Tests", "tests\Vais.Agents.Protocols.Mcp.Server.Tests\Vais.Agents.Protocols.Mcp.Server.Tests.csproj", "{8B82AC62-AF85-40CD-9CC8-BDA5C3553B96}"
EndProject
Project("{FAE04EC0-301F-11D3-BF4B-00C04F79EFBC}") = "Vais.Agents.Protocols.A2A.Server", "src\Vais.Agents.Protocols.A2A.Server\Vais.Agents.Protocols.A2A.Server.csproj", "{C3D84F50-B42D-4BFB-8F6B-277424B75173}"
EndProject
Project("{FAE04EC0-301F-11D3-BF4B-00C04F79EFBC}") = "Vais.Agents.Protocols.A2A.Server.Tests", "tests\Vais.Agents.Protocols.A2A.Server.Tests\Vais.Agents.Protocols.A2A.Server.Tests.csproj", "{3417B1D4-CD19-4101-973A-802D7A81E1AE}"
EndProject
Project("{FAE04EC0-301F-11D3-BF4B-00C04F79EFBC}") = "Vais.Agents.Orchestration.Graph.MicrosoftAgentFramework", "src\Vais.Agents.Orchestration.Graph.MicrosoftAgentFramework\Vais.Agents.Orchestration.Graph.MicrosoftAgentFramework.csproj", "{0F86DE3F-7CDB-49FE-9016-07C39E621ABC}"
EndProject
Project("{FAE04EC0-301F-11D3-BF4B-00C04F79EFBC}") = "Vais.Agents.Orchestration.Graph.MicrosoftAgentFramework.Tests", "tests\Vais.Agents.Orchestration.Graph.MicrosoftAgentFramework.Tests\Vais.Agents.Orchestration.Graph.MicrosoftAgentFramework.Tests.csproj", "{E88A6588-24FD-4836-A84C-2682D00FD5E2}"
EndProject
Global
	GlobalSection(SolutionConfigurationPlatforms) = preSolution
		Debug|Any CPU = Debug|Any CPU
		Release|Any CPU = Release|Any CPU
	EndGlobalSection
	GlobalSection(SolutionProperties) = preSolution
		HideSolutionNode = FALSE
	EndGlobalSection
	GlobalSection(ProjectConfigurationPlatforms) = postSolution
		{6CD34E4A-0E3B-4483-BECB-2595E8E209A7}.Debug|Any CPU.ActiveCfg = Debug|Any CPU
		{6CD34E4A-0E3B-4483-BECB-2595E8E209A7}.Debug|Any CPU.Build.0 = Debug|Any CPU
		{6CD34E4A-0E3B-4483-BECB-2595E8E209A7}.Release|Any CPU.ActiveCfg = Release|Any CPU
		{6CD34E4A-0E3B-4483-BECB-2595E8E209A7}.Release|Any CPU.Build.0 = Release|Any CPU
		{C075A5F0-63FA-4427-8F9F-DFEB02F0F5CA}.Debug|Any CPU.ActiveCfg = Debug|Any CPU
		{C075A5F0-63FA-4427-8F9F-DFEB02F0F5CA}.Debug|Any CPU.Build.0 = Debug|Any CPU
		{C075A5F0-63FA-4427-8F9F-DFEB02F0F5CA}.Release|Any CPU.ActiveCfg = Release|Any CPU
		{C075A5F0-63FA-4427-8F9F-DFEB02F0F5CA}.Release|Any CPU.Build.0 = Release|Any CPU
		{8694136F-BC1C-42B7-A428-AEAD86B36C4D}.Debug|Any CPU.ActiveCfg = Debug|Any CPU
		{8694136F-BC1C-42B7-A428-AEAD86B36C4D}.Debug|Any CPU.Build.0 = Debug|Any CPU
		{8694136F-BC1C-42B7-A428-AEAD86B36C4D}.Release|Any CPU.ActiveCfg = Release|Any CPU
		{8694136F-BC1C-42B7-A428-AEAD86B36C4D}.Release|Any CPU.Build.0 = Release|Any CPU
		{A73D22AB-9757-4A9A-892E-534753888353}.Debug|Any CPU.ActiveCfg = Debug|Any CPU
		{A73D22AB-9757-4A9A-892E-534753888353}.Debug|Any CPU.Build.0 = Debug|Any CPU
		{A73D22AB-9757-4A9A-892E-534753888353}.Release|Any CPU.ActiveCfg = Release|Any CPU
		{A73D22AB-9757-4A9A-892E-534753888353}.Release|Any CPU.Build.0 = Release|Any CPU
		{E8367FD4-1A7A-4960-A547-C0E7C4EC385F}.Debug|Any CPU.ActiveCfg = Debug|Any CPU
		{E8367FD4-1A7A-4960-A547-C0E7C4EC385F}.Debug|Any CPU.Build.0 = Debug|Any CPU
		{E8367FD4-1A7A-4960-A547-C0E7C4EC385F}.Release|Any CPU.ActiveCfg = Release|Any CPU
		{E8367FD4-1A7A-4960-A547-C0E7C4EC385F}.Release|Any CPU.Build.0 = Release|Any CPU
		{9757C758-7D64-4340-8FE6-91B5EABDB6CE}.Debug|Any CPU.ActiveCfg = Debug|Any CPU
		{9757C758-7D64-4340-8FE6-91B5EABDB6CE}.Debug|Any CPU.Build.0 = Debug|Any CPU
		{9757C758-7D64-4340-8FE6-91B5EABDB6CE}.Release|Any CPU.ActiveCfg = Release|Any CPU
		{9757C758-7D64-4340-8FE6-91B5EABDB6CE}.Release|Any CPU.Build.0 = Release|Any CPU
		{736CB205-805B-4C3D-90EB-BEDE3F48F3FA}.Debug|Any CPU.ActiveCfg = Debug|Any CPU
		{736CB205-805B-4C3D-90EB-BEDE3F48F3FA}.Debug|Any CPU.Build.0 = Debug|Any CPU
		{736CB205-805B-4C3D-90EB-BEDE3F48F3FA}.Release|Any CPU.ActiveCfg = Release|Any CPU
		{736CB205-805B-4C3D-90EB-BEDE3F48F3FA}.Release|Any CPU.Build.0 = Release|Any CPU
		{65D423DC-378B-40FF-9FD8-4822664E2625}.Debug|Any CPU.ActiveCfg = Debug|Any CPU
		{65D423DC-378B-40FF-9FD8-4822664E2625}.Debug|Any CPU.Build.0 = Debug|Any CPU
		{65D423DC-378B-40FF-9FD8-4822664E2625}.Release|Any CPU.ActiveCfg = Release|Any CPU
		{65D423DC-378B-40FF-9FD8-4822664E2625}.Release|Any CPU.Build.0 = Release|Any CPU
		{A60BF572-394F-4D4A-B639-74A405A8E702}.Debug|Any CPU.ActiveCfg = Debug|Any CPU
		{A60BF572-394F-4D4A-B639-74A405A8E702}.Debug|Any CPU.Build.0 = Debug|Any CPU
		{A60BF572-394F-4D4A-B639-74A405A8E702}.Release|Any CPU.ActiveCfg = Release|Any CPU
		{A60BF572-394F-4D4A-B639-74A405A8E702}.Release|Any CPU.Build.0 = Release|Any CPU
		{D8140C12-B61E-480A-8933-004F2D766E64}.Debug|Any CPU.ActiveCfg = Debug|Any CPU
		{D8140C12-B61E-480A-8933-004F2D766E64}.Debug|Any CPU.Build.0 = Debug|Any CPU
		{D8140C12-B61E-480A-8933-004F2D766E64}.Release|Any CPU.ActiveCfg = Release|Any CPU
		{D8140C12-B61E-480A-8933-004F2D766E64}.Release|Any CPU.Build.0 = Release|Any CPU
		{50A4AD8A-E512-427A-AE8B-763C74395883}.Debug|Any CPU.ActiveCfg = Debug|Any CPU
		{50A4AD8A-E512-427A-AE8B-763C74395883}.Debug|Any CPU.Build.0 = Debug|Any CPU
		{50A4AD8A-E512-427A-AE8B-763C74395883}.Release|Any CPU.ActiveCfg = Release|Any CPU
		{50A4AD8A-E512-427A-AE8B-763C74395883}.Release|Any CPU.Build.0 = Release|Any CPU
		{3FCCE838-10AE-45F2-BB3E-304F95CD0C51}.Debug|Any CPU.ActiveCfg = Debug|Any CPU
		{3FCCE838-10AE-45F2-BB3E-304F95CD0C51}.Debug|Any CPU.Build.0 = Debug|Any CPU
		{3FCCE838-10AE-45F2-BB3E-304F95CD0C51}.Release|Any CPU.ActiveCfg = Release|Any CPU
		{3FCCE838-10AE-45F2-BB3E-304F95CD0C51}.Release|Any CPU.Build.0 = Release|Any CPU
		{93425089-9332-4A44-AC5C-39F1319C0EB5}.Debug|Any CPU.ActiveCfg = Debug|Any CPU
		{93425089-9332-4A44-AC5C-39F1319C0EB5}.Debug|Any CPU.Build.0 = Debug|Any CPU
		{93425089-9332-4A44-AC5C-39F1319C0EB5}.Release|Any CPU.ActiveCfg = Release|Any CPU
		{93425089-9332-4A44-AC5C-39F1319C0EB5}.Release|Any CPU.Build.0 = Release|Any CPU
		{D51627C7-E400-42A5-B826-ED9B82BACAEC}.Debug|Any CPU.ActiveCfg = Debug|Any CPU
		{D51627C7-E400-42A5-B826-ED9B82BACAEC}.Debug|Any CPU.Build.0 = Debug|Any CPU
		{D51627C7-E400-42A5-B826-ED9B82BACAEC}.Release|Any CPU.ActiveCfg = Release|Any CPU
		{D51627C7-E400-42A5-B826-ED9B82BACAEC}.Release|Any CPU.Build.0 = Release|Any CPU
		{439E29CD-3260-442D-8252-BFA145904755}.Debug|Any CPU.ActiveCfg = Debug|Any CPU
		{439E29CD-3260-442D-8252-BFA145904755}.Debug|Any CPU.Build.0 = Debug|Any CPU
		{439E29CD-3260-442D-8252-BFA145904755}.Release|Any CPU.ActiveCfg = Release|Any CPU
		{439E29CD-3260-442D-8252-BFA145904755}.Release|Any CPU.Build.0 = Release|Any CPU
		{304214A7-FEC0-43F8-AF9B-9829B6B08422}.Debug|Any CPU.ActiveCfg = Debug|Any CPU
		{304214A7-FEC0-43F8-AF9B-9829B6B08422}.Debug|Any CPU.Build.0 = Debug|Any CPU
		{304214A7-FEC0-43F8-AF9B-9829B6B08422}.Release|Any CPU.ActiveCfg = Release|Any CPU
		{304214A7-FEC0-43F8-AF9B-9829B6B08422}.Release|Any CPU.Build.0 = Release|Any CPU
		{0B1F2DD3-76D9-475C-9342-B52E49E5AA30}.Debug|Any CPU.ActiveCfg = Debug|Any CPU
		{0B1F2DD3-76D9-475C-9342-B52E49E5AA30}.Debug|Any CPU.Build.0 = Debug|Any CPU
		{0B1F2DD3-76D9-475C-9342-B52E49E5AA30}.Release|Any CPU.ActiveCfg = Release|Any CPU
		{0B1F2DD3-76D9-475C-9342-B52E49E5AA30}.Release|Any CPU.Build.0 = Release|Any CPU
		{D7A97931-2DC0-41C0-BEA4-6A6329C6CDFD}.Debug|Any CPU.ActiveCfg = Debug|Any CPU
		{D7A97931-2DC0-41C0-BEA4-6A6329C6CDFD}.Debug|Any CPU.Build.0 = Debug|Any CPU
		{D7A97931-2DC0-41C0-BEA4-6A6329C6CDFD}.Release|Any CPU.ActiveCfg = Release|Any CPU
		{D7A97931-2DC0-41C0-BEA4-6A6329C6CDFD}.Release|Any CPU.Build.0 = Release|Any CPU
		{9B0CF734-DA25-4860-BDC7-037012F422F2}.Debug|Any CPU.ActiveCfg = Debug|Any CPU
		{9B0CF734-DA25-4860-BDC7-037012F422F2}.Debug|Any CPU.Build.0 = Debug|Any CPU
		{9B0CF734-DA25-4860-BDC7-037012F422F2}.Release|Any CPU.ActiveCfg = Release|Any CPU
		{9B0CF734-DA25-4860-BDC7-037012F422F2}.Release|Any CPU.Build.0 = Release|Any CPU
		{F14AC9A2-14FB-4CB8-A7AF-E3C42FDAFEFB}.Debug|Any CPU.ActiveCfg = Debug|Any CPU
		{F14AC9A2-14FB-4CB8-A7AF-E3C42FDAFEFB}.Debug|Any CPU.Build.0 = Debug|Any CPU
		{F14AC9A2-14FB-4CB8-A7AF-E3C42FDAFEFB}.Release|Any CPU.ActiveCfg = Release|Any CPU
		{F14AC9A2-14FB-4CB8-A7AF-E3C42FDAFEFB}.Release|Any CPU.Build.0 = Release|Any CPU
		{905E5BD8-54A6-493A-B3C6-5081310E516B}.Debug|Any CPU.ActiveCfg = Debug|Any CPU
		{905E5BD8-54A6-493A-B3C6-5081310E516B}.Debug|Any CPU.Build.0 = Debug|Any CPU
		{905E5BD8-54A6-493A-B3C6-5081310E516B}.Release|Any CPU.ActiveCfg = Release|Any CPU
		{905E5BD8-54A6-493A-B3C6-5081310E516B}.Release|Any CPU.Build.0 = Release|Any CPU
		{9A32B8BD-1130-469A-845D-C1AC617E589A}.Debug|Any CPU.ActiveCfg = Debug|Any CPU
		{9A32B8BD-1130-469A-845D-C1AC617E589A}.Debug|Any CPU.Build.0 = Debug|Any CPU
		{9A32B8BD-1130-469A-845D-C1AC617E589A}.Release|Any CPU.ActiveCfg = Release|Any CPU
		{9A32B8BD-1130-469A-845D-C1AC617E589A}.Release|Any CPU.Build.0 = Release|Any CPU
		{FA414DA0-8420-44A3-801A-45DDDB70FC1B}.Debug|Any CPU.ActiveCfg = Debug|Any CPU
		{FA414DA0-8420-44A3-801A-45DDDB70FC1B}.Debug|Any CPU.Build.0 = Debug|Any CPU
		{FA414DA0-8420-44A3-801A-45DDDB70FC1B}.Release|Any CPU.ActiveCfg = Release|Any CPU
		{FA414DA0-8420-44A3-801A-45DDDB70FC1B}.Release|Any CPU.Build.0 = Release|Any CPU
		{7FEC003D-5C81-4E90-BF67-379E45AD3262}.Debug|Any CPU.ActiveCfg = Debug|Any CPU
		{7FEC003D-5C81-4E90-BF67-379E45AD3262}.Debug|Any CPU.Build.0 = Debug|Any CPU
		{7FEC003D-5C81-4E90-BF67-379E45AD3262}.Release|Any CPU.ActiveCfg = Release|Any CPU
		{7FEC003D-5C81-4E90-BF67-379E45AD3262}.Release|Any CPU.Build.0 = Release|Any CPU
		{CDE7983E-9ADA-4943-80E4-5117E16C2DA8}.Debug|Any CPU.ActiveCfg = Debug|Any CPU
		{CDE7983E-9ADA-4943-80E4-5117E16C2DA8}.Debug|Any CPU.Build.0 = Debug|Any CPU
		{CDE7983E-9ADA-4943-80E4-5117E16C2DA8}.Release|Any CPU.ActiveCfg = Release|Any CPU
		{CDE7983E-9ADA-4943-80E4-5117E16C2DA8}.Release|Any CPU.Build.0 = Release|Any CPU
		{7231D4A0-2536-40A9-A4B3-D5DF0DCE0525}.Debug|Any CPU.ActiveCfg = Debug|Any CPU
		{7231D4A0-2536-40A9-A4B3-D5DF0DCE0525}.Debug|Any CPU.Build.0 = Debug|Any CPU
		{7231D4A0-2536-40A9-A4B3-D5DF0DCE0525}.Release|Any CPU.ActiveCfg = Release|Any CPU
		{7231D4A0-2536-40A9-A4B3-D5DF0DCE0525}.Release|Any CPU.Build.0 = Release|Any CPU
		{9CA3E3EA-E8AD-4C52-8155-538F7ED29D88}.Debug|Any CPU.ActiveCfg = Debug|Any CPU
		{9CA3E3EA-E8AD-4C52-8155-538F7ED29D88}.Debug|Any CPU.Build.0 = Debug|Any CPU
		{9CA3E3EA-E8AD-4C52-8155-538F7ED29D88}.Release|Any CPU.ActiveCfg = Release|Any CPU
		{9CA3E3EA-E8AD-4C52-8155-538F7ED29D88}.Release|Any CPU.Build.0 = Release|Any CPU
		{C663B23A-45DA-4017-998F-7680149F98A6}.Debug|Any CPU.ActiveCfg = Debug|Any CPU
		{C663B23A-45DA-4017-998F-7680149F98A6}.Debug|Any CPU.Build.0 = Debug|Any CPU
		{C663B23A-45DA-4017-998F-7680149F98A6}.Release|Any CPU.ActiveCfg = Release|Any CPU
		{C663B23A-45DA-4017-998F-7680149F98A6}.Release|Any CPU.Build.0 = Release|Any CPU
		{047CCBDA-5B6F-44F0-9976-E85FAEA94A03}.Debug|Any CPU.ActiveCfg = Debug|Any CPU
		{047CCBDA-5B6F-44F0-9976-E85FAEA94A03}.Debug|Any CPU.Build.0 = Debug|Any CPU
		{047CCBDA-5B6F-44F0-9976-E85FAEA94A03}.Release|Any CPU.ActiveCfg = Release|Any CPU
		{047CCBDA-5B6F-44F0-9976-E85FAEA94A03}.Release|Any CPU.Build.0 = Release|Any CPU
		{D770F0F5-2FF0-4E5A-A7CD-EC49C755B1F1}.Debug|Any CPU.ActiveCfg = Debug|Any CPU
		{D770F0F5-2FF0-4E5A-A7CD-EC49C755B1F1}.Debug|Any CPU.Build.0 = Debug|Any CPU
		{D770F0F5-2FF0-4E5A-A7CD-EC49C755B1F1}.Release|Any CPU.ActiveCfg = Release|Any CPU
		{D770F0F5-2FF0-4E5A-A7CD-EC49C755B1F1}.Release|Any CPU.Build.0 = Release|Any CPU
		{7BD869FE-987A-42FC-B455-0975435FC78A}.Debug|Any CPU.ActiveCfg = Debug|Any CPU
		{7BD869FE-987A-42FC-B455-0975435FC78A}.Debug|Any CPU.Build.0 = Debug|Any CPU
		{7BD869FE-987A-42FC-B455-0975435FC78A}.Release|Any CPU.ActiveCfg = Release|Any CPU
		{7BD869FE-987A-42FC-B455-0975435FC78A}.Release|Any CPU.Build.0 = Release|Any CPU
		{8B82AC62-AF85-40CD-9CC8-BDA5C3553B96}.Debug|Any CPU.ActiveCfg = Debug|Any CPU
		{8B82AC62-AF85-40CD-9CC8-BDA5C3553B96}.Debug|Any CPU.Build.0 = Debug|Any CPU
		{8B82AC62-AF85-40CD-9CC8-BDA5C3553B96}.Release|Any CPU.ActiveCfg = Release|Any CPU
		{8B82AC62-AF85-40CD-9CC8-BDA5C3553B96}.Release|Any CPU.Build.0 = Release|Any CPU
		{C3D84F50-B42D-4BFB-8F6B-277424B75173}.Debug|Any CPU.ActiveCfg = Debug|Any CPU
		{C3D84F50-B42D-4BFB-8F6B-277424B75173}.Debug|Any CPU.Build.0 = Debug|Any CPU
		{C3D84F50-B42D-4BFB-8F6B-277424B75173}.Release|Any CPU.ActiveCfg = Release|Any CPU
		{C3D84F50-B42D-4BFB-8F6B-277424B75173}.Release|Any CPU.Build.0 = Release|Any CPU
		{3417B1D4-CD19-4101-973A-802D7A81E1AE}.Debug|Any CPU.ActiveCfg = Debug|Any CPU
		{3417B1D4-CD19-4101-973A-802D7A81E1AE}.Debug|Any CPU.Build.0 = Debug|Any CPU
		{3417B1D4-CD19-4101-973A-802D7A81E1AE}.Release|Any CPU.ActiveCfg = Release|Any CPU
		{3417B1D4-CD19-4101-973A-802D7A81E1AE}.Release|Any CPU.Build.0 = Release|Any CPU
		{0F86DE3F-7CDB-49FE-9016-07C39E621ABC}.Debug|Any CPU.ActiveCfg = Debug|Any CPU
		{0F86DE3F-7CDB-49FE-9016-07C39E621ABC}.Debug|Any CPU.Build.0 = Debug|Any CPU
		{0F86DE3F-7CDB-49FE-9016-07C39E621ABC}.Release|Any CPU.ActiveCfg = Release|Any CPU
		{0F86DE3F-7CDB-49FE-9016-07C39E621ABC}.Release|Any CPU.Build.0 = Release|Any CPU
		{E88A6588-24FD-4836-A84C-2682D00FD5E2}.Debug|Any CPU.ActiveCfg = Debug|Any CPU
		{E88A6588-24FD-4836-A84C-2682D00FD5E2}.Debug|Any CPU.Build.0 = Debug|Any CPU
		{E88A6588-24FD-4836-A84C-2682D00FD5E2}.Release|Any CPU.ActiveCfg = Release|Any CPU
		{E88A6588-24FD-4836-A84C-2682D00FD5E2}.Release|Any CPU.Build.0 = Release|Any CPU
	EndGlobalSection
	GlobalSection(NestedProjects) = preSolution
		{6CD34E4A-0E3B-4483-BECB-2595E8E209A7} = {74BCF12D-6EAD-41AF-B590-751FAEAD6C97}
		{C075A5F0-63FA-4427-8F9F-DFEB02F0F5CA} = {74BCF12D-6EAD-41AF-B590-751FAEAD6C97}
		{8694136F-BC1C-42B7-A428-AEAD86B36C4D} = {74BCF12D-6EAD-41AF-B590-751FAEAD6C97}
		{A73D22AB-9757-4A9A-892E-534753888353} = {74BCF12D-6EAD-41AF-B590-751FAEAD6C97}
		{E8367FD4-1A7A-4960-A547-C0E7C4EC385F} = {50B4C7D8-FC48-4932-9958-A7EEA04E8DA7}
		{9757C758-7D64-4340-8FE6-91B5EABDB6CE} = {74BCF12D-6EAD-41AF-B590-751FAEAD6C97}
		{736CB205-805B-4C3D-90EB-BEDE3F48F3FA} = {74BCF12D-6EAD-41AF-B590-751FAEAD6C97}
		{65D423DC-378B-40FF-9FD8-4822664E2625} = {74BCF12D-6EAD-41AF-B590-751FAEAD6C97}
		{A60BF572-394F-4D4A-B639-74A405A8E702} = {50B4C7D8-FC48-4932-9958-A7EEA04E8DA7}
		{D8140C12-B61E-480A-8933-004F2D766E64} = {50B4C7D8-FC48-4932-9958-A7EEA04E8DA7}
		{50A4AD8A-E512-427A-AE8B-763C74395883} = {74BCF12D-6EAD-41AF-B590-751FAEAD6C97}
		{3FCCE838-10AE-45F2-BB3E-304F95CD0C51} = {50B4C7D8-FC48-4932-9958-A7EEA04E8DA7}
		{93425089-9332-4A44-AC5C-39F1319C0EB5} = {74BCF12D-6EAD-41AF-B590-751FAEAD6C97}
		{D51627C7-E400-42A5-B826-ED9B82BACAEC} = {50B4C7D8-FC48-4932-9958-A7EEA04E8DA7}
		{439E29CD-3260-442D-8252-BFA145904755} = {74BCF12D-6EAD-41AF-B590-751FAEAD6C97}
		{304214A7-FEC0-43F8-AF9B-9829B6B08422} = {50B4C7D8-FC48-4932-9958-A7EEA04E8DA7}
		{0B1F2DD3-76D9-475C-9342-B52E49E5AA30} = {74BCF12D-6EAD-41AF-B590-751FAEAD6C97}
		{D7A97931-2DC0-41C0-BEA4-6A6329C6CDFD} = {50B4C7D8-FC48-4932-9958-A7EEA04E8DA7}
		{9B0CF734-DA25-4860-BDC7-037012F422F2} = {50B4C7D8-FC48-4932-9958-A7EEA04E8DA7}
		{F14AC9A2-14FB-4CB8-A7AF-E3C42FDAFEFB} = {74BCF12D-6EAD-41AF-B590-751FAEAD6C97}
		{905E5BD8-54A6-493A-B3C6-5081310E516B} = {50B4C7D8-FC48-4932-9958-A7EEA04E8DA7}
		{9A32B8BD-1130-469A-845D-C1AC617E589A} = {74BCF12D-6EAD-41AF-B590-751FAEAD6C97}
		{FA414DA0-8420-44A3-801A-45DDDB70FC1B} = {50B4C7D8-FC48-4932-9958-A7EEA04E8DA7}
		{7FEC003D-5C81-4E90-BF67-379E45AD3262} = {74BCF12D-6EAD-41AF-B590-751FAEAD6C97}
		{CDE7983E-9ADA-4943-80E4-5117E16C2DA8} = {74BCF12D-6EAD-41AF-B590-751FAEAD6C97}
		{7231D4A0-2536-40A9-A4B3-D5DF0DCE0525} = {74BCF12D-6EAD-41AF-B590-751FAEAD6C97}
		{9CA3E3EA-E8AD-4C52-8155-538F7ED29D88} = {74BCF12D-6EAD-41AF-B590-751FAEAD6C97}
		{C663B23A-45DA-4017-998F-7680149F98A6} = {74BCF12D-6EAD-41AF-B590-751FAEAD6C97}
		{047CCBDA-5B6F-44F0-9976-E85FAEA94A03} = {74BCF12D-6EAD-41AF-B590-751FAEAD6C97}
		{D770F0F5-2FF0-4E5A-A7CD-EC49C755B1F1} = {50B4C7D8-FC48-4932-9958-A7EEA04E8DA7}
		{7BD869FE-987A-42FC-B455-0975435FC78A} = {74BCF12D-6EAD-41AF-B590-751FAEAD6C97}
		{8B82AC62-AF85-40CD-9CC8-BDA5C3553B96} = {50B4C7D8-FC48-4932-9958-A7EEA04E8DA7}
		{C3D84F50-B42D-4BFB-8F6B-277424B75173} = {74BCF12D-6EAD-41AF-B590-751FAEAD6C97}
		{3417B1D4-CD19-4101-973A-802D7A81E1AE} = {50B4C7D8-FC48-4932-9958-A7EEA04E8DA7}
		{0F86DE3F-7CDB-49FE-9016-07C39E621ABC} = {74BCF12D-6EAD-41AF-B590-751FAEAD6C97}
		{E88A6588-24FD-4836-A84C-2682D00FD5E2} = {50B4C7D8-FC48-4932-9958-A7EEA04E8DA7}
	EndGlobalSection
EndGlobal
